
Microsoft Visual Studio Solution File, Format Version 12.00
# Visual Studio Version 16
VisualStudioVersion = 16.0.28407.52
MinimumVisualStudioVersion = 15.0.26124.0
Project("{2150E333-8FDC-42A3-9474-1A3956D46DE8}") = "src", "src", "{E1A4E891-22ED-4AB6-B1E7-3B1CC4D5BB35}"
EndProject
Project("{9A19103F-16F7-4668-BE54-9A1E7A4F7556}") = "Scorpio", "src\Scorpio\Scorpio.csproj", "{27EB2F67-0434-401D-AB23-336C56A66EAC}"
EndProject
Project("{2150E333-8FDC-42A3-9474-1A3956D46DE8}") = "test", "test", "{C57152EE-7CEB-4FD2-A26B-9B8852795752}"
EndProject
Project("{9A19103F-16F7-4668-BE54-9A1E7A4F7556}") = "Scorpio.Tests", "test\Scorpio.Tests\Scorpio.Tests.csproj", "{1D88283C-6332-461E-8DBA-B083996FF56E}"
EndProject
Project("{2150E333-8FDC-42A3-9474-1A3956D46DE8}") = "Solution Items", "Solution Items", "{B1896A57-F552-433A-9ADC-056685517601}"
	ProjectSection(SolutionItems) = preProject
		.editorconfig = .editorconfig
		.gitignore = .gitignore
		appveyor.yml = appveyor.yml
		build.cake = build.cake
		build.ps1 = build.ps1
		common.props = common.props
		LICENSE = LICENSE
		README.md = README.md
		test.props = test.props
	EndProjectSection
EndProject
Project("{9A19103F-16F7-4668-BE54-9A1E7A4F7556}") = "Scorpio.TestBase", "test\Scorpio.TestBase\Scorpio.TestBase.csproj", "{D9B79816-60E7-4C6F-AF71-55925689F61B}"
EndProject
Project("{9A19103F-16F7-4668-BE54-9A1E7A4F7556}") = "Scorpio.Domain", "src\Scorpio.Domain\Scorpio.Domain.csproj", "{1DC06CE8-BD3A-4090-9DB3-B229CA56C593}"
EndProject
Project("{9A19103F-16F7-4668-BE54-9A1E7A4F7556}") = "Scorpio.Threading", "src\Scorpio.Threading\Scorpio.Threading.csproj", "{9B43A67D-98AF-48F5-A38F-990DC0EA3472}"
EndProject
Project("{9A19103F-16F7-4668-BE54-9A1E7A4F7556}") = "Scorpio.Domain.Tests", "test\Scorpio.Domain.Tests\Scorpio.Domain.Tests.csproj", "{4D7EA643-7730-4208-B775-AFE6F7E1C8A2}"
EndProject
Project("{9A19103F-16F7-4668-BE54-9A1E7A4F7556}") = "Scorpio.Threading.Tests", "test\Scorpio.Threading.Tests\Scorpio.Threading.Tests.csproj", "{AAD1EC87-959F-49D3-B9F7-B7B2B525CC5D}"
EndProject
Project("{9A19103F-16F7-4668-BE54-9A1E7A4F7556}") = "Scorpio.Uow.Tests", "test\Scorpio.Uow.Tests\Scorpio.Uow.Tests.csproj", "{14AE44AB-FAC3-478E-B9AC-BB80F7741A21}"
EndProject
Project("{9A19103F-16F7-4668-BE54-9A1E7A4F7556}") = "Scorpio.Uow", "src\Scorpio.Uow\Scorpio.Uow.csproj", "{18E7FE03-6255-436F-B50E-85415ABB3880}"
EndProject
Project("{9A19103F-16F7-4668-BE54-9A1E7A4F7556}") = "Scorpio.EntityFrameworkCore", "src\Scorpio.EntityFrameworkCore\Scorpio.EntityFrameworkCore.csproj", "{98B5D0AC-7B86-439F-A097-E3E1CEFC9373}"
EndProject
Project("{9A19103F-16F7-4668-BE54-9A1E7A4F7556}") = "Scorpio.EntityFrameworkCore.Tests", "test\Scorpio.EntityFrameworkCore.Tests\Scorpio.EntityFrameworkCore.Tests.csproj", "{542BB2B8-BED3-4E82-98D1-2F3206CFE9AB}"
EndProject
Project("{9A19103F-16F7-4668-BE54-9A1E7A4F7556}") = "Scorpio.Timing", "src\Scorpio.Timing\Scorpio.Timing.csproj", "{70A71631-7D0C-4B94-84A4-F8CF1D594B5D}"
EndProject
Project("{9A19103F-16F7-4668-BE54-9A1E7A4F7556}") = "Scorpio.Timing.Tests", "test\Scorpio.Timing.Tests\Scorpio.Timing.Tests.csproj", "{2AE5FB66-5182-4728-BE7A-33A50AA877EF}"
EndProject
Project("{9A19103F-16F7-4668-BE54-9A1E7A4F7556}") = "Scorpio.Guids", "src\Scorpio.Guids\Scorpio.Guids.csproj", "{A64EA202-8178-4338-BD8F-D4DD2CB958DF}"
EndProject
Project("{9A19103F-16F7-4668-BE54-9A1E7A4F7556}") = "Scorpio.Guids.Tests", "test\Scorpio.Guids.Tests\Scorpio.Guids.Tests.csproj", "{7D33BB39-070B-4818-80B2-260D72F02A50}"
EndProject
Project("{9A19103F-16F7-4668-BE54-9A1E7A4F7556}") = "Scorpio.Data.Tests", "test\Scorpio.Data.Tests\Scorpio.Data.Tests.csproj", "{7101A89A-94D6-4509-BA25-DC4CFB220EC2}"
EndProject
Project("{9A19103F-16F7-4668-BE54-9A1E7A4F7556}") = "Scorpio.Data", "src\Scorpio.Data\Scorpio.Data.csproj", "{A2C30949-A443-496E-B88F-953EA1C9F890}"
EndProject
Project("{9A19103F-16F7-4668-BE54-9A1E7A4F7556}") = "Scorpio.EventBus", "src\Scorpio.EventBus\Scorpio.EventBus.csproj", "{B2BFB7E6-4ADB-441E-86E1-0AD30F326250}"
EndProject
Project("{9A19103F-16F7-4668-BE54-9A1E7A4F7556}") = "Scorpio.EventBus.Tests", "test\Scorpio.EventBus.Tests\Scorpio.EventBus.Tests.csproj", "{F9CA2321-F477-4B1C-B5DB-A90365EE5C19}"
EndProject
Project("{2150E333-8FDC-42A3-9474-1A3956D46DE8}") = "samples", "samples", "{82E07191-A2E9-4488-831E-BC56D5AC7469}"
EndProject
Project("{2150E333-8FDC-42A3-9474-1A3956D46DE8}") = "BasicConsoleApplication", "BasicConsoleApplication", "{479F35BE-392C-41FC-AA85-0E28A64A60E5}"
EndProject
Project("{2150E333-8FDC-42A3-9474-1A3956D46DE8}") = "src", "src", "{2501FE8C-E819-4BC4-AB92-E92E1E5EC5FD}"
EndProject
Project("{9A19103F-16F7-4668-BE54-9A1E7A4F7556}") = "Scorpio.ConsoleApplication", "samples\BasicConsoleApplication\src\Scorpio.ConsoleApplication\Scorpio.ConsoleApplication.csproj", "{A134CD63-886B-45A1-8AE0-31725AF9129D}"
EndProject
Project("{2150E333-8FDC-42A3-9474-1A3956D46DE8}") = "HostServiceApplication", "HostServiceApplication", "{E2D034B4-D978-4252-ACFB-717D9878328D}"
EndProject
Project("{2150E333-8FDC-42A3-9474-1A3956D46DE8}") = "src", "src", "{6C0A01BB-23D6-446E-BC06-B5FAE1C2033B}"
EndProject
Project("{9A19103F-16F7-4668-BE54-9A1E7A4F7556}") = "Scorpio.HostService", "samples\HostServiceApplication\src\Scorpio.HostService\Scorpio.HostService.csproj", "{391C6336-DECE-4F1B-BCF2-E445CB054072}"
EndProject
Project("{2150E333-8FDC-42A3-9474-1A3956D46DE8}") = "EFConsoleApplication", "EFConsoleApplication", "{8D47DC65-29F1-4E38-98F9-0A4EB5145DFB}"
EndProject
Project("{2150E333-8FDC-42A3-9474-1A3956D46DE8}") = "src", "src", "{DE0DF855-15C5-43F1-8120-5B6BA7844093}"
EndProject
Project("{9A19103F-16F7-4668-BE54-9A1E7A4F7556}") = "Scorpio.EFConsoleApplication", "samples\EFConsoleApplication\src\Scorpio.EFConsoleApplication\Scorpio.EFConsoleApplication.csproj", "{04E2AD43-A54B-465E-AE57-958784F71AD2}"
EndProject
Project("{9A19103F-16F7-4668-BE54-9A1E7A4F7556}") = "Scorpio.EntityFrameworkCore.SqlServer", "src\Scorpio.EntityFrameworkCore.SqlServer\Scorpio.EntityFrameworkCore.SqlServer.csproj", "{478B6F02-E086-4963-9DAD-2BA943197126}"
EndProject
Project("{9A19103F-16F7-4668-BE54-9A1E7A4F7556}") = "Scorpio.EntityFrameworkCore.EventBus", "src\Scorpio.EntityFrameworkCore.EventBus\Scorpio.EntityFrameworkCore.EventBus.csproj", "{6C136C99-40CC-4877-A9DF-7AA0A210BFE9}"
EndProject
Project("{9A19103F-16F7-4668-BE54-9A1E7A4F7556}") = "Scorpio.EntityFrameworkCore.EventBus.Tests", "test\Scorpio.EntityFrameworkCore.EventBus.Tests\Scorpio.EntityFrameworkCore.EventBus.Tests.csproj", "{9EA90E84-37A9-4EF0-8FDC-24BC76319D3B}"
EndProject
Project("{9A19103F-16F7-4668-BE54-9A1E7A4F7556}") = "Scorpio.AspNetCore", "src\Scorpio.AspNetCore\Scorpio.AspNetCore.csproj", "{571527D2-F27B-4F6E-9969-9A747E891F16}"
EndProject
Project("{9A19103F-16F7-4668-BE54-9A1E7A4F7556}") = "Scorpio.AspNetCore.Tests", "test\Scorpio.AspNetCore.Tests\Scorpio.AspNetCore.Tests.csproj", "{6D1355BA-AE3A-4D3B-A6DC-7E3E71DCCC7A}"
EndProject
Project("{FAE04EC0-301F-11D3-BF4B-00C04F79EFBC}") = "Scorpio.Hosting", "src\Scorpio.Hosting\Scorpio.Hosting.csproj", "{5AA077D1-FF0E-4307-B974-FD34C98FF4D4}"
EndProject
Project("{FAE04EC0-301F-11D3-BF4B-00C04F79EFBC}") = "Scorpio.Hosting.Tests", "test\Scorpio.Hosting.Tests\Scorpio.Hosting.Tests.csproj", "{89DFCA77-D2DF-4D80-9046-E58BECF3DE7E}"
EndProject
Project("{FAE04EC0-301F-11D3-BF4B-00C04F79EFBC}") = "Scorpio.AspNetCore.Hosting", "src\Scorpio.AspNetCore.Hosting\Scorpio.AspNetCore.Hosting.csproj", "{35449831-00F7-4118-8D51-9CD2C2D5AAA3}"
EndProject
Project("{FAE04EC0-301F-11D3-BF4B-00C04F79EFBC}") = "Scorpio.AspNetCore.Hosting.Tests", "test\Scorpio.AspNetCore.Hosting.Tests\Scorpio.AspNetCore.Hosting.Tests.csproj", "{F1BD62BD-4233-4089-AFA3-DBE51491E9A3}"
EndProject
Project("{2150E333-8FDC-42A3-9474-1A3956D46DE8}") = "BasicWebApplication", "BasicWebApplication", "{8B65864F-AA6D-41C7-A898-9481DEE14175}"
EndProject
Project("{2150E333-8FDC-42A3-9474-1A3956D46DE8}") = "src", "src", "{DF1358A2-C3D0-4095-8EE7-D569BFFF70AF}"
EndProject
Project("{FAE04EC0-301F-11D3-BF4B-00C04F79EFBC}") = "Scorpio.WebApplication", "samples\BasicWebApplication\src\Scorpio.WebApplication\Scorpio.WebApplication.csproj", "{E5B035C9-F7B5-4399-B73A-0C1357989A12}"
EndProject
Project("{FAE04EC0-301F-11D3-BF4B-00C04F79EFBC}") = "Scorpio.Authorization", "src\Scorpio.Authorization\Scorpio.Authorization.csproj", "{E301E546-2D11-4310-90BD-3AAB788E15EC}"
EndProject
Project("{FAE04EC0-301F-11D3-BF4B-00C04F79EFBC}") = "Scorpio.Security", "src\Scorpio.Security\Scorpio.Security.csproj", "{4E792029-BDB9-47D8-829F-E7F62F482EC4}"
EndProject
Project("{FAE04EC0-301F-11D3-BF4B-00C04F79EFBC}") = "Scorpio.ObjectMapping", "src\Scorpio.ObjectMapping\Scorpio.ObjectMapping.csproj", "{DAC64C2A-478B-45ED-BF14-0E78889C0ABD}"
EndProject
Global
	GlobalSection(SolutionConfigurationPlatforms) = preSolution
		Debug|Any CPU = Debug|Any CPU
		Debug|x64 = Debug|x64
		Debug|x86 = Debug|x86
		Release|Any CPU = Release|Any CPU
		Release|x64 = Release|x64
		Release|x86 = Release|x86
	EndGlobalSection
	GlobalSection(ProjectConfigurationPlatforms) = postSolution
		{27EB2F67-0434-401D-AB23-336C56A66EAC}.Debug|Any CPU.ActiveCfg = Debug|Any CPU
		{27EB2F67-0434-401D-AB23-336C56A66EAC}.Debug|Any CPU.Build.0 = Debug|Any CPU
		{27EB2F67-0434-401D-AB23-336C56A66EAC}.Debug|x64.ActiveCfg = Debug|Any CPU
		{27EB2F67-0434-401D-AB23-336C56A66EAC}.Debug|x64.Build.0 = Debug|Any CPU
		{27EB2F67-0434-401D-AB23-336C56A66EAC}.Debug|x86.ActiveCfg = Debug|Any CPU
		{27EB2F67-0434-401D-AB23-336C56A66EAC}.Debug|x86.Build.0 = Debug|Any CPU
		{27EB2F67-0434-401D-AB23-336C56A66EAC}.Release|Any CPU.ActiveCfg = Release|Any CPU
		{27EB2F67-0434-401D-AB23-336C56A66EAC}.Release|Any CPU.Build.0 = Release|Any CPU
		{27EB2F67-0434-401D-AB23-336C56A66EAC}.Release|x64.ActiveCfg = Release|Any CPU
		{27EB2F67-0434-401D-AB23-336C56A66EAC}.Release|x64.Build.0 = Release|Any CPU
		{27EB2F67-0434-401D-AB23-336C56A66EAC}.Release|x86.ActiveCfg = Release|Any CPU
		{27EB2F67-0434-401D-AB23-336C56A66EAC}.Release|x86.Build.0 = Release|Any CPU
		{1D88283C-6332-461E-8DBA-B083996FF56E}.Debug|Any CPU.ActiveCfg = Debug|Any CPU
		{1D88283C-6332-461E-8DBA-B083996FF56E}.Debug|Any CPU.Build.0 = Debug|Any CPU
		{1D88283C-6332-461E-8DBA-B083996FF56E}.Debug|x64.ActiveCfg = Debug|Any CPU
		{1D88283C-6332-461E-8DBA-B083996FF56E}.Debug|x64.Build.0 = Debug|Any CPU
		{1D88283C-6332-461E-8DBA-B083996FF56E}.Debug|x86.ActiveCfg = Debug|Any CPU
		{1D88283C-6332-461E-8DBA-B083996FF56E}.Debug|x86.Build.0 = Debug|Any CPU
		{1D88283C-6332-461E-8DBA-B083996FF56E}.Release|Any CPU.ActiveCfg = Release|Any CPU
		{1D88283C-6332-461E-8DBA-B083996FF56E}.Release|Any CPU.Build.0 = Release|Any CPU
		{1D88283C-6332-461E-8DBA-B083996FF56E}.Release|x64.ActiveCfg = Release|Any CPU
		{1D88283C-6332-461E-8DBA-B083996FF56E}.Release|x64.Build.0 = Release|Any CPU
		{1D88283C-6332-461E-8DBA-B083996FF56E}.Release|x86.ActiveCfg = Release|Any CPU
		{1D88283C-6332-461E-8DBA-B083996FF56E}.Release|x86.Build.0 = Release|Any CPU
		{D9B79816-60E7-4C6F-AF71-55925689F61B}.Debug|Any CPU.ActiveCfg = Debug|Any CPU
		{D9B79816-60E7-4C6F-AF71-55925689F61B}.Debug|Any CPU.Build.0 = Debug|Any CPU
		{D9B79816-60E7-4C6F-AF71-55925689F61B}.Debug|x64.ActiveCfg = Debug|Any CPU
		{D9B79816-60E7-4C6F-AF71-55925689F61B}.Debug|x64.Build.0 = Debug|Any CPU
		{D9B79816-60E7-4C6F-AF71-55925689F61B}.Debug|x86.ActiveCfg = Debug|Any CPU
		{D9B79816-60E7-4C6F-AF71-55925689F61B}.Debug|x86.Build.0 = Debug|Any CPU
		{D9B79816-60E7-4C6F-AF71-55925689F61B}.Release|Any CPU.ActiveCfg = Release|Any CPU
		{D9B79816-60E7-4C6F-AF71-55925689F61B}.Release|Any CPU.Build.0 = Release|Any CPU
		{D9B79816-60E7-4C6F-AF71-55925689F61B}.Release|x64.ActiveCfg = Release|Any CPU
		{D9B79816-60E7-4C6F-AF71-55925689F61B}.Release|x64.Build.0 = Release|Any CPU
		{D9B79816-60E7-4C6F-AF71-55925689F61B}.Release|x86.ActiveCfg = Release|Any CPU
		{D9B79816-60E7-4C6F-AF71-55925689F61B}.Release|x86.Build.0 = Release|Any CPU
		{1DC06CE8-BD3A-4090-9DB3-B229CA56C593}.Debug|Any CPU.ActiveCfg = Debug|Any CPU
		{1DC06CE8-BD3A-4090-9DB3-B229CA56C593}.Debug|Any CPU.Build.0 = Debug|Any CPU
		{1DC06CE8-BD3A-4090-9DB3-B229CA56C593}.Debug|x64.ActiveCfg = Debug|Any CPU
		{1DC06CE8-BD3A-4090-9DB3-B229CA56C593}.Debug|x64.Build.0 = Debug|Any CPU
		{1DC06CE8-BD3A-4090-9DB3-B229CA56C593}.Debug|x86.ActiveCfg = Debug|Any CPU
		{1DC06CE8-BD3A-4090-9DB3-B229CA56C593}.Debug|x86.Build.0 = Debug|Any CPU
		{1DC06CE8-BD3A-4090-9DB3-B229CA56C593}.Release|Any CPU.ActiveCfg = Release|Any CPU
		{1DC06CE8-BD3A-4090-9DB3-B229CA56C593}.Release|Any CPU.Build.0 = Release|Any CPU
		{1DC06CE8-BD3A-4090-9DB3-B229CA56C593}.Release|x64.ActiveCfg = Release|Any CPU
		{1DC06CE8-BD3A-4090-9DB3-B229CA56C593}.Release|x64.Build.0 = Release|Any CPU
		{1DC06CE8-BD3A-4090-9DB3-B229CA56C593}.Release|x86.ActiveCfg = Release|Any CPU
		{1DC06CE8-BD3A-4090-9DB3-B229CA56C593}.Release|x86.Build.0 = Release|Any CPU
		{9B43A67D-98AF-48F5-A38F-990DC0EA3472}.Debug|Any CPU.ActiveCfg = Debug|Any CPU
		{9B43A67D-98AF-48F5-A38F-990DC0EA3472}.Debug|Any CPU.Build.0 = Debug|Any CPU
		{9B43A67D-98AF-48F5-A38F-990DC0EA3472}.Debug|x64.ActiveCfg = Debug|Any CPU
		{9B43A67D-98AF-48F5-A38F-990DC0EA3472}.Debug|x64.Build.0 = Debug|Any CPU
		{9B43A67D-98AF-48F5-A38F-990DC0EA3472}.Debug|x86.ActiveCfg = Debug|Any CPU
		{9B43A67D-98AF-48F5-A38F-990DC0EA3472}.Debug|x86.Build.0 = Debug|Any CPU
		{9B43A67D-98AF-48F5-A38F-990DC0EA3472}.Release|Any CPU.ActiveCfg = Release|Any CPU
		{9B43A67D-98AF-48F5-A38F-990DC0EA3472}.Release|Any CPU.Build.0 = Release|Any CPU
		{9B43A67D-98AF-48F5-A38F-990DC0EA3472}.Release|x64.ActiveCfg = Release|Any CPU
		{9B43A67D-98AF-48F5-A38F-990DC0EA3472}.Release|x64.Build.0 = Release|Any CPU
		{9B43A67D-98AF-48F5-A38F-990DC0EA3472}.Release|x86.ActiveCfg = Release|Any CPU
		{9B43A67D-98AF-48F5-A38F-990DC0EA3472}.Release|x86.Build.0 = Release|Any CPU
		{4D7EA643-7730-4208-B775-AFE6F7E1C8A2}.Debug|Any CPU.ActiveCfg = Debug|Any CPU
		{4D7EA643-7730-4208-B775-AFE6F7E1C8A2}.Debug|Any CPU.Build.0 = Debug|Any CPU
		{4D7EA643-7730-4208-B775-AFE6F7E1C8A2}.Debug|x64.ActiveCfg = Debug|Any CPU
		{4D7EA643-7730-4208-B775-AFE6F7E1C8A2}.Debug|x64.Build.0 = Debug|Any CPU
		{4D7EA643-7730-4208-B775-AFE6F7E1C8A2}.Debug|x86.ActiveCfg = Debug|Any CPU
		{4D7EA643-7730-4208-B775-AFE6F7E1C8A2}.Debug|x86.Build.0 = Debug|Any CPU
		{4D7EA643-7730-4208-B775-AFE6F7E1C8A2}.Release|Any CPU.ActiveCfg = Release|Any CPU
		{4D7EA643-7730-4208-B775-AFE6F7E1C8A2}.Release|Any CPU.Build.0 = Release|Any CPU
		{4D7EA643-7730-4208-B775-AFE6F7E1C8A2}.Release|x64.ActiveCfg = Release|Any CPU
		{4D7EA643-7730-4208-B775-AFE6F7E1C8A2}.Release|x64.Build.0 = Release|Any CPU
		{4D7EA643-7730-4208-B775-AFE6F7E1C8A2}.Release|x86.ActiveCfg = Release|Any CPU
		{4D7EA643-7730-4208-B775-AFE6F7E1C8A2}.Release|x86.Build.0 = Release|Any CPU
		{AAD1EC87-959F-49D3-B9F7-B7B2B525CC5D}.Debug|Any CPU.ActiveCfg = Debug|Any CPU
		{AAD1EC87-959F-49D3-B9F7-B7B2B525CC5D}.Debug|Any CPU.Build.0 = Debug|Any CPU
		{AAD1EC87-959F-49D3-B9F7-B7B2B525CC5D}.Debug|x64.ActiveCfg = Debug|Any CPU
		{AAD1EC87-959F-49D3-B9F7-B7B2B525CC5D}.Debug|x64.Build.0 = Debug|Any CPU
		{AAD1EC87-959F-49D3-B9F7-B7B2B525CC5D}.Debug|x86.ActiveCfg = Debug|Any CPU
		{AAD1EC87-959F-49D3-B9F7-B7B2B525CC5D}.Debug|x86.Build.0 = Debug|Any CPU
		{AAD1EC87-959F-49D3-B9F7-B7B2B525CC5D}.Release|Any CPU.ActiveCfg = Release|Any CPU
		{AAD1EC87-959F-49D3-B9F7-B7B2B525CC5D}.Release|Any CPU.Build.0 = Release|Any CPU
		{AAD1EC87-959F-49D3-B9F7-B7B2B525CC5D}.Release|x64.ActiveCfg = Release|Any CPU
		{AAD1EC87-959F-49D3-B9F7-B7B2B525CC5D}.Release|x64.Build.0 = Release|Any CPU
		{AAD1EC87-959F-49D3-B9F7-B7B2B525CC5D}.Release|x86.ActiveCfg = Release|Any CPU
		{AAD1EC87-959F-49D3-B9F7-B7B2B525CC5D}.Release|x86.Build.0 = Release|Any CPU
		{14AE44AB-FAC3-478E-B9AC-BB80F7741A21}.Debug|Any CPU.ActiveCfg = Debug|Any CPU
		{14AE44AB-FAC3-478E-B9AC-BB80F7741A21}.Debug|Any CPU.Build.0 = Debug|Any CPU
		{14AE44AB-FAC3-478E-B9AC-BB80F7741A21}.Debug|x64.ActiveCfg = Debug|Any CPU
		{14AE44AB-FAC3-478E-B9AC-BB80F7741A21}.Debug|x64.Build.0 = Debug|Any CPU
		{14AE44AB-FAC3-478E-B9AC-BB80F7741A21}.Debug|x86.ActiveCfg = Debug|Any CPU
		{14AE44AB-FAC3-478E-B9AC-BB80F7741A21}.Debug|x86.Build.0 = Debug|Any CPU
		{14AE44AB-FAC3-478E-B9AC-BB80F7741A21}.Release|Any CPU.ActiveCfg = Release|Any CPU
		{14AE44AB-FAC3-478E-B9AC-BB80F7741A21}.Release|Any CPU.Build.0 = Release|Any CPU
		{14AE44AB-FAC3-478E-B9AC-BB80F7741A21}.Release|x64.ActiveCfg = Release|Any CPU
		{14AE44AB-FAC3-478E-B9AC-BB80F7741A21}.Release|x64.Build.0 = Release|Any CPU
		{14AE44AB-FAC3-478E-B9AC-BB80F7741A21}.Release|x86.ActiveCfg = Release|Any CPU
		{14AE44AB-FAC3-478E-B9AC-BB80F7741A21}.Release|x86.Build.0 = Release|Any CPU
		{18E7FE03-6255-436F-B50E-85415ABB3880}.Debug|Any CPU.ActiveCfg = Debug|Any CPU
		{18E7FE03-6255-436F-B50E-85415ABB3880}.Debug|Any CPU.Build.0 = Debug|Any CPU
		{18E7FE03-6255-436F-B50E-85415ABB3880}.Debug|x64.ActiveCfg = Debug|Any CPU
		{18E7FE03-6255-436F-B50E-85415ABB3880}.Debug|x64.Build.0 = Debug|Any CPU
		{18E7FE03-6255-436F-B50E-85415ABB3880}.Debug|x86.ActiveCfg = Debug|Any CPU
		{18E7FE03-6255-436F-B50E-85415ABB3880}.Debug|x86.Build.0 = Debug|Any CPU
		{18E7FE03-6255-436F-B50E-85415ABB3880}.Release|Any CPU.ActiveCfg = Release|Any CPU
		{18E7FE03-6255-436F-B50E-85415ABB3880}.Release|Any CPU.Build.0 = Release|Any CPU
		{18E7FE03-6255-436F-B50E-85415ABB3880}.Release|x64.ActiveCfg = Release|Any CPU
		{18E7FE03-6255-436F-B50E-85415ABB3880}.Release|x64.Build.0 = Release|Any CPU
		{18E7FE03-6255-436F-B50E-85415ABB3880}.Release|x86.ActiveCfg = Release|Any CPU
		{18E7FE03-6255-436F-B50E-85415ABB3880}.Release|x86.Build.0 = Release|Any CPU
		{98B5D0AC-7B86-439F-A097-E3E1CEFC9373}.Debug|Any CPU.ActiveCfg = Debug|Any CPU
		{98B5D0AC-7B86-439F-A097-E3E1CEFC9373}.Debug|Any CPU.Build.0 = Debug|Any CPU
		{98B5D0AC-7B86-439F-A097-E3E1CEFC9373}.Debug|x64.ActiveCfg = Debug|Any CPU
		{98B5D0AC-7B86-439F-A097-E3E1CEFC9373}.Debug|x64.Build.0 = Debug|Any CPU
		{98B5D0AC-7B86-439F-A097-E3E1CEFC9373}.Debug|x86.ActiveCfg = Debug|Any CPU
		{98B5D0AC-7B86-439F-A097-E3E1CEFC9373}.Debug|x86.Build.0 = Debug|Any CPU
		{98B5D0AC-7B86-439F-A097-E3E1CEFC9373}.Release|Any CPU.ActiveCfg = Release|Any CPU
		{98B5D0AC-7B86-439F-A097-E3E1CEFC9373}.Release|Any CPU.Build.0 = Release|Any CPU
		{98B5D0AC-7B86-439F-A097-E3E1CEFC9373}.Release|x64.ActiveCfg = Release|Any CPU
		{98B5D0AC-7B86-439F-A097-E3E1CEFC9373}.Release|x64.Build.0 = Release|Any CPU
		{98B5D0AC-7B86-439F-A097-E3E1CEFC9373}.Release|x86.ActiveCfg = Release|Any CPU
		{98B5D0AC-7B86-439F-A097-E3E1CEFC9373}.Release|x86.Build.0 = Release|Any CPU
		{542BB2B8-BED3-4E82-98D1-2F3206CFE9AB}.Debug|Any CPU.ActiveCfg = Debug|Any CPU
		{542BB2B8-BED3-4E82-98D1-2F3206CFE9AB}.Debug|Any CPU.Build.0 = Debug|Any CPU
		{542BB2B8-BED3-4E82-98D1-2F3206CFE9AB}.Debug|x64.ActiveCfg = Debug|Any CPU
		{542BB2B8-BED3-4E82-98D1-2F3206CFE9AB}.Debug|x64.Build.0 = Debug|Any CPU
		{542BB2B8-BED3-4E82-98D1-2F3206CFE9AB}.Debug|x86.ActiveCfg = Debug|Any CPU
		{542BB2B8-BED3-4E82-98D1-2F3206CFE9AB}.Debug|x86.Build.0 = Debug|Any CPU
		{542BB2B8-BED3-4E82-98D1-2F3206CFE9AB}.Release|Any CPU.ActiveCfg = Release|Any CPU
		{542BB2B8-BED3-4E82-98D1-2F3206CFE9AB}.Release|Any CPU.Build.0 = Release|Any CPU
		{542BB2B8-BED3-4E82-98D1-2F3206CFE9AB}.Release|x64.ActiveCfg = Release|Any CPU
		{542BB2B8-BED3-4E82-98D1-2F3206CFE9AB}.Release|x64.Build.0 = Release|Any CPU
		{542BB2B8-BED3-4E82-98D1-2F3206CFE9AB}.Release|x86.ActiveCfg = Release|Any CPU
		{542BB2B8-BED3-4E82-98D1-2F3206CFE9AB}.Release|x86.Build.0 = Release|Any CPU
		{70A71631-7D0C-4B94-84A4-F8CF1D594B5D}.Debug|Any CPU.ActiveCfg = Debug|Any CPU
		{70A71631-7D0C-4B94-84A4-F8CF1D594B5D}.Debug|Any CPU.Build.0 = Debug|Any CPU
		{70A71631-7D0C-4B94-84A4-F8CF1D594B5D}.Debug|x64.ActiveCfg = Debug|Any CPU
		{70A71631-7D0C-4B94-84A4-F8CF1D594B5D}.Debug|x64.Build.0 = Debug|Any CPU
		{70A71631-7D0C-4B94-84A4-F8CF1D594B5D}.Debug|x86.ActiveCfg = Debug|Any CPU
		{70A71631-7D0C-4B94-84A4-F8CF1D594B5D}.Debug|x86.Build.0 = Debug|Any CPU
		{70A71631-7D0C-4B94-84A4-F8CF1D594B5D}.Release|Any CPU.ActiveCfg = Release|Any CPU
		{70A71631-7D0C-4B94-84A4-F8CF1D594B5D}.Release|Any CPU.Build.0 = Release|Any CPU
		{70A71631-7D0C-4B94-84A4-F8CF1D594B5D}.Release|x64.ActiveCfg = Release|Any CPU
		{70A71631-7D0C-4B94-84A4-F8CF1D594B5D}.Release|x64.Build.0 = Release|Any CPU
		{70A71631-7D0C-4B94-84A4-F8CF1D594B5D}.Release|x86.ActiveCfg = Release|Any CPU
		{70A71631-7D0C-4B94-84A4-F8CF1D594B5D}.Release|x86.Build.0 = Release|Any CPU
		{2AE5FB66-5182-4728-BE7A-33A50AA877EF}.Debug|Any CPU.ActiveCfg = Debug|Any CPU
		{2AE5FB66-5182-4728-BE7A-33A50AA877EF}.Debug|Any CPU.Build.0 = Debug|Any CPU
		{2AE5FB66-5182-4728-BE7A-33A50AA877EF}.Debug|x64.ActiveCfg = Debug|Any CPU
		{2AE5FB66-5182-4728-BE7A-33A50AA877EF}.Debug|x64.Build.0 = Debug|Any CPU
		{2AE5FB66-5182-4728-BE7A-33A50AA877EF}.Debug|x86.ActiveCfg = Debug|Any CPU
		{2AE5FB66-5182-4728-BE7A-33A50AA877EF}.Debug|x86.Build.0 = Debug|Any CPU
		{2AE5FB66-5182-4728-BE7A-33A50AA877EF}.Release|Any CPU.ActiveCfg = Release|Any CPU
		{2AE5FB66-5182-4728-BE7A-33A50AA877EF}.Release|Any CPU.Build.0 = Release|Any CPU
		{2AE5FB66-5182-4728-BE7A-33A50AA877EF}.Release|x64.ActiveCfg = Release|Any CPU
		{2AE5FB66-5182-4728-BE7A-33A50AA877EF}.Release|x64.Build.0 = Release|Any CPU
		{2AE5FB66-5182-4728-BE7A-33A50AA877EF}.Release|x86.ActiveCfg = Release|Any CPU
		{2AE5FB66-5182-4728-BE7A-33A50AA877EF}.Release|x86.Build.0 = Release|Any CPU
		{A64EA202-8178-4338-BD8F-D4DD2CB958DF}.Debug|Any CPU.ActiveCfg = Debug|Any CPU
		{A64EA202-8178-4338-BD8F-D4DD2CB958DF}.Debug|Any CPU.Build.0 = Debug|Any CPU
		{A64EA202-8178-4338-BD8F-D4DD2CB958DF}.Debug|x64.ActiveCfg = Debug|Any CPU
		{A64EA202-8178-4338-BD8F-D4DD2CB958DF}.Debug|x64.Build.0 = Debug|Any CPU
		{A64EA202-8178-4338-BD8F-D4DD2CB958DF}.Debug|x86.ActiveCfg = Debug|Any CPU
		{A64EA202-8178-4338-BD8F-D4DD2CB958DF}.Debug|x86.Build.0 = Debug|Any CPU
		{A64EA202-8178-4338-BD8F-D4DD2CB958DF}.Release|Any CPU.ActiveCfg = Release|Any CPU
		{A64EA202-8178-4338-BD8F-D4DD2CB958DF}.Release|Any CPU.Build.0 = Release|Any CPU
		{A64EA202-8178-4338-BD8F-D4DD2CB958DF}.Release|x64.ActiveCfg = Release|Any CPU
		{A64EA202-8178-4338-BD8F-D4DD2CB958DF}.Release|x64.Build.0 = Release|Any CPU
		{A64EA202-8178-4338-BD8F-D4DD2CB958DF}.Release|x86.ActiveCfg = Release|Any CPU
		{A64EA202-8178-4338-BD8F-D4DD2CB958DF}.Release|x86.Build.0 = Release|Any CPU
		{7D33BB39-070B-4818-80B2-260D72F02A50}.Debug|Any CPU.ActiveCfg = Debug|Any CPU
		{7D33BB39-070B-4818-80B2-260D72F02A50}.Debug|Any CPU.Build.0 = Debug|Any CPU
		{7D33BB39-070B-4818-80B2-260D72F02A50}.Debug|x64.ActiveCfg = Debug|Any CPU
		{7D33BB39-070B-4818-80B2-260D72F02A50}.Debug|x64.Build.0 = Debug|Any CPU
		{7D33BB39-070B-4818-80B2-260D72F02A50}.Debug|x86.ActiveCfg = Debug|Any CPU
		{7D33BB39-070B-4818-80B2-260D72F02A50}.Debug|x86.Build.0 = Debug|Any CPU
		{7D33BB39-070B-4818-80B2-260D72F02A50}.Release|Any CPU.ActiveCfg = Release|Any CPU
		{7D33BB39-070B-4818-80B2-260D72F02A50}.Release|Any CPU.Build.0 = Release|Any CPU
		{7D33BB39-070B-4818-80B2-260D72F02A50}.Release|x64.ActiveCfg = Release|Any CPU
		{7D33BB39-070B-4818-80B2-260D72F02A50}.Release|x64.Build.0 = Release|Any CPU
		{7D33BB39-070B-4818-80B2-260D72F02A50}.Release|x86.ActiveCfg = Release|Any CPU
		{7D33BB39-070B-4818-80B2-260D72F02A50}.Release|x86.Build.0 = Release|Any CPU
		{7101A89A-94D6-4509-BA25-DC4CFB220EC2}.Debug|Any CPU.ActiveCfg = Debug|Any CPU
		{7101A89A-94D6-4509-BA25-DC4CFB220EC2}.Debug|Any CPU.Build.0 = Debug|Any CPU
		{7101A89A-94D6-4509-BA25-DC4CFB220EC2}.Debug|x64.ActiveCfg = Debug|Any CPU
		{7101A89A-94D6-4509-BA25-DC4CFB220EC2}.Debug|x64.Build.0 = Debug|Any CPU
		{7101A89A-94D6-4509-BA25-DC4CFB220EC2}.Debug|x86.ActiveCfg = Debug|Any CPU
		{7101A89A-94D6-4509-BA25-DC4CFB220EC2}.Debug|x86.Build.0 = Debug|Any CPU
		{7101A89A-94D6-4509-BA25-DC4CFB220EC2}.Release|Any CPU.ActiveCfg = Release|Any CPU
		{7101A89A-94D6-4509-BA25-DC4CFB220EC2}.Release|Any CPU.Build.0 = Release|Any CPU
		{7101A89A-94D6-4509-BA25-DC4CFB220EC2}.Release|x64.ActiveCfg = Release|Any CPU
		{7101A89A-94D6-4509-BA25-DC4CFB220EC2}.Release|x64.Build.0 = Release|Any CPU
		{7101A89A-94D6-4509-BA25-DC4CFB220EC2}.Release|x86.ActiveCfg = Release|Any CPU
		{7101A89A-94D6-4509-BA25-DC4CFB220EC2}.Release|x86.Build.0 = Release|Any CPU
		{A2C30949-A443-496E-B88F-953EA1C9F890}.Debug|Any CPU.ActiveCfg = Debug|Any CPU
		{A2C30949-A443-496E-B88F-953EA1C9F890}.Debug|Any CPU.Build.0 = Debug|Any CPU
		{A2C30949-A443-496E-B88F-953EA1C9F890}.Debug|x64.ActiveCfg = Debug|Any CPU
		{A2C30949-A443-496E-B88F-953EA1C9F890}.Debug|x64.Build.0 = Debug|Any CPU
		{A2C30949-A443-496E-B88F-953EA1C9F890}.Debug|x86.ActiveCfg = Debug|Any CPU
		{A2C30949-A443-496E-B88F-953EA1C9F890}.Debug|x86.Build.0 = Debug|Any CPU
		{A2C30949-A443-496E-B88F-953EA1C9F890}.Release|Any CPU.ActiveCfg = Release|Any CPU
		{A2C30949-A443-496E-B88F-953EA1C9F890}.Release|Any CPU.Build.0 = Release|Any CPU
		{A2C30949-A443-496E-B88F-953EA1C9F890}.Release|x64.ActiveCfg = Release|Any CPU
		{A2C30949-A443-496E-B88F-953EA1C9F890}.Release|x64.Build.0 = Release|Any CPU
		{A2C30949-A443-496E-B88F-953EA1C9F890}.Release|x86.ActiveCfg = Release|Any CPU
		{A2C30949-A443-496E-B88F-953EA1C9F890}.Release|x86.Build.0 = Release|Any CPU
		{B2BFB7E6-4ADB-441E-86E1-0AD30F326250}.Debug|Any CPU.ActiveCfg = Debug|Any CPU
		{B2BFB7E6-4ADB-441E-86E1-0AD30F326250}.Debug|Any CPU.Build.0 = Debug|Any CPU
		{B2BFB7E6-4ADB-441E-86E1-0AD30F326250}.Debug|x64.ActiveCfg = Debug|Any CPU
		{B2BFB7E6-4ADB-441E-86E1-0AD30F326250}.Debug|x64.Build.0 = Debug|Any CPU
		{B2BFB7E6-4ADB-441E-86E1-0AD30F326250}.Debug|x86.ActiveCfg = Debug|Any CPU
		{B2BFB7E6-4ADB-441E-86E1-0AD30F326250}.Debug|x86.Build.0 = Debug|Any CPU
		{B2BFB7E6-4ADB-441E-86E1-0AD30F326250}.Release|Any CPU.ActiveCfg = Release|Any CPU
		{B2BFB7E6-4ADB-441E-86E1-0AD30F326250}.Release|Any CPU.Build.0 = Release|Any CPU
		{B2BFB7E6-4ADB-441E-86E1-0AD30F326250}.Release|x64.ActiveCfg = Release|Any CPU
		{B2BFB7E6-4ADB-441E-86E1-0AD30F326250}.Release|x64.Build.0 = Release|Any CPU
		{B2BFB7E6-4ADB-441E-86E1-0AD30F326250}.Release|x86.ActiveCfg = Release|Any CPU
		{B2BFB7E6-4ADB-441E-86E1-0AD30F326250}.Release|x86.Build.0 = Release|Any CPU
		{F9CA2321-F477-4B1C-B5DB-A90365EE5C19}.Debug|Any CPU.ActiveCfg = Debug|Any CPU
		{F9CA2321-F477-4B1C-B5DB-A90365EE5C19}.Debug|Any CPU.Build.0 = Debug|Any CPU
		{F9CA2321-F477-4B1C-B5DB-A90365EE5C19}.Debug|x64.ActiveCfg = Debug|Any CPU
		{F9CA2321-F477-4B1C-B5DB-A90365EE5C19}.Debug|x64.Build.0 = Debug|Any CPU
		{F9CA2321-F477-4B1C-B5DB-A90365EE5C19}.Debug|x86.ActiveCfg = Debug|Any CPU
		{F9CA2321-F477-4B1C-B5DB-A90365EE5C19}.Debug|x86.Build.0 = Debug|Any CPU
		{F9CA2321-F477-4B1C-B5DB-A90365EE5C19}.Release|Any CPU.ActiveCfg = Release|Any CPU
		{F9CA2321-F477-4B1C-B5DB-A90365EE5C19}.Release|Any CPU.Build.0 = Release|Any CPU
		{F9CA2321-F477-4B1C-B5DB-A90365EE5C19}.Release|x64.ActiveCfg = Release|Any CPU
		{F9CA2321-F477-4B1C-B5DB-A90365EE5C19}.Release|x64.Build.0 = Release|Any CPU
		{F9CA2321-F477-4B1C-B5DB-A90365EE5C19}.Release|x86.ActiveCfg = Release|Any CPU
		{F9CA2321-F477-4B1C-B5DB-A90365EE5C19}.Release|x86.Build.0 = Release|Any CPU
		{A134CD63-886B-45A1-8AE0-31725AF9129D}.Debug|Any CPU.ActiveCfg = Debug|Any CPU
		{A134CD63-886B-45A1-8AE0-31725AF9129D}.Debug|Any CPU.Build.0 = Debug|Any CPU
		{A134CD63-886B-45A1-8AE0-31725AF9129D}.Debug|x64.ActiveCfg = Debug|Any CPU
		{A134CD63-886B-45A1-8AE0-31725AF9129D}.Debug|x64.Build.0 = Debug|Any CPU
		{A134CD63-886B-45A1-8AE0-31725AF9129D}.Debug|x86.ActiveCfg = Debug|Any CPU
		{A134CD63-886B-45A1-8AE0-31725AF9129D}.Debug|x86.Build.0 = Debug|Any CPU
		{A134CD63-886B-45A1-8AE0-31725AF9129D}.Release|Any CPU.ActiveCfg = Release|Any CPU
		{A134CD63-886B-45A1-8AE0-31725AF9129D}.Release|Any CPU.Build.0 = Release|Any CPU
		{A134CD63-886B-45A1-8AE0-31725AF9129D}.Release|x64.ActiveCfg = Release|Any CPU
		{A134CD63-886B-45A1-8AE0-31725AF9129D}.Release|x64.Build.0 = Release|Any CPU
		{A134CD63-886B-45A1-8AE0-31725AF9129D}.Release|x86.ActiveCfg = Release|Any CPU
		{A134CD63-886B-45A1-8AE0-31725AF9129D}.Release|x86.Build.0 = Release|Any CPU
		{391C6336-DECE-4F1B-BCF2-E445CB054072}.Debug|Any CPU.ActiveCfg = Debug|Any CPU
		{391C6336-DECE-4F1B-BCF2-E445CB054072}.Debug|Any CPU.Build.0 = Debug|Any CPU
		{391C6336-DECE-4F1B-BCF2-E445CB054072}.Debug|x64.ActiveCfg = Debug|Any CPU
		{391C6336-DECE-4F1B-BCF2-E445CB054072}.Debug|x64.Build.0 = Debug|Any CPU
		{391C6336-DECE-4F1B-BCF2-E445CB054072}.Debug|x86.ActiveCfg = Debug|Any CPU
		{391C6336-DECE-4F1B-BCF2-E445CB054072}.Debug|x86.Build.0 = Debug|Any CPU
		{391C6336-DECE-4F1B-BCF2-E445CB054072}.Release|Any CPU.ActiveCfg = Release|Any CPU
		{391C6336-DECE-4F1B-BCF2-E445CB054072}.Release|Any CPU.Build.0 = Release|Any CPU
		{391C6336-DECE-4F1B-BCF2-E445CB054072}.Release|x64.ActiveCfg = Release|Any CPU
		{391C6336-DECE-4F1B-BCF2-E445CB054072}.Release|x64.Build.0 = Release|Any CPU
		{391C6336-DECE-4F1B-BCF2-E445CB054072}.Release|x86.ActiveCfg = Release|Any CPU
		{391C6336-DECE-4F1B-BCF2-E445CB054072}.Release|x86.Build.0 = Release|Any CPU
		{04E2AD43-A54B-465E-AE57-958784F71AD2}.Debug|Any CPU.ActiveCfg = Debug|Any CPU
		{04E2AD43-A54B-465E-AE57-958784F71AD2}.Debug|Any CPU.Build.0 = Debug|Any CPU
		{04E2AD43-A54B-465E-AE57-958784F71AD2}.Debug|x64.ActiveCfg = Debug|Any CPU
		{04E2AD43-A54B-465E-AE57-958784F71AD2}.Debug|x64.Build.0 = Debug|Any CPU
		{04E2AD43-A54B-465E-AE57-958784F71AD2}.Debug|x86.ActiveCfg = Debug|Any CPU
		{04E2AD43-A54B-465E-AE57-958784F71AD2}.Debug|x86.Build.0 = Debug|Any CPU
		{04E2AD43-A54B-465E-AE57-958784F71AD2}.Release|Any CPU.ActiveCfg = Release|Any CPU
		{04E2AD43-A54B-465E-AE57-958784F71AD2}.Release|Any CPU.Build.0 = Release|Any CPU
		{04E2AD43-A54B-465E-AE57-958784F71AD2}.Release|x64.ActiveCfg = Release|Any CPU
		{04E2AD43-A54B-465E-AE57-958784F71AD2}.Release|x64.Build.0 = Release|Any CPU
		{04E2AD43-A54B-465E-AE57-958784F71AD2}.Release|x86.ActiveCfg = Release|Any CPU
		{04E2AD43-A54B-465E-AE57-958784F71AD2}.Release|x86.Build.0 = Release|Any CPU
		{478B6F02-E086-4963-9DAD-2BA943197126}.Debug|Any CPU.ActiveCfg = Debug|Any CPU
		{478B6F02-E086-4963-9DAD-2BA943197126}.Debug|Any CPU.Build.0 = Debug|Any CPU
		{478B6F02-E086-4963-9DAD-2BA943197126}.Debug|x64.ActiveCfg = Debug|Any CPU
		{478B6F02-E086-4963-9DAD-2BA943197126}.Debug|x64.Build.0 = Debug|Any CPU
		{478B6F02-E086-4963-9DAD-2BA943197126}.Debug|x86.ActiveCfg = Debug|Any CPU
		{478B6F02-E086-4963-9DAD-2BA943197126}.Debug|x86.Build.0 = Debug|Any CPU
		{478B6F02-E086-4963-9DAD-2BA943197126}.Release|Any CPU.ActiveCfg = Release|Any CPU
		{478B6F02-E086-4963-9DAD-2BA943197126}.Release|Any CPU.Build.0 = Release|Any CPU
		{478B6F02-E086-4963-9DAD-2BA943197126}.Release|x64.ActiveCfg = Release|Any CPU
		{478B6F02-E086-4963-9DAD-2BA943197126}.Release|x64.Build.0 = Release|Any CPU
		{478B6F02-E086-4963-9DAD-2BA943197126}.Release|x86.ActiveCfg = Release|Any CPU
		{478B6F02-E086-4963-9DAD-2BA943197126}.Release|x86.Build.0 = Release|Any CPU
		{6C136C99-40CC-4877-A9DF-7AA0A210BFE9}.Debug|Any CPU.ActiveCfg = Debug|Any CPU
		{6C136C99-40CC-4877-A9DF-7AA0A210BFE9}.Debug|Any CPU.Build.0 = Debug|Any CPU
		{6C136C99-40CC-4877-A9DF-7AA0A210BFE9}.Debug|x64.ActiveCfg = Debug|Any CPU
		{6C136C99-40CC-4877-A9DF-7AA0A210BFE9}.Debug|x64.Build.0 = Debug|Any CPU
		{6C136C99-40CC-4877-A9DF-7AA0A210BFE9}.Debug|x86.ActiveCfg = Debug|Any CPU
		{6C136C99-40CC-4877-A9DF-7AA0A210BFE9}.Debug|x86.Build.0 = Debug|Any CPU
		{6C136C99-40CC-4877-A9DF-7AA0A210BFE9}.Release|Any CPU.ActiveCfg = Release|Any CPU
		{6C136C99-40CC-4877-A9DF-7AA0A210BFE9}.Release|Any CPU.Build.0 = Release|Any CPU
		{6C136C99-40CC-4877-A9DF-7AA0A210BFE9}.Release|x64.ActiveCfg = Release|Any CPU
		{6C136C99-40CC-4877-A9DF-7AA0A210BFE9}.Release|x64.Build.0 = Release|Any CPU
		{6C136C99-40CC-4877-A9DF-7AA0A210BFE9}.Release|x86.ActiveCfg = Release|Any CPU
		{6C136C99-40CC-4877-A9DF-7AA0A210BFE9}.Release|x86.Build.0 = Release|Any CPU
		{9EA90E84-37A9-4EF0-8FDC-24BC76319D3B}.Debug|Any CPU.ActiveCfg = Debug|Any CPU
		{9EA90E84-37A9-4EF0-8FDC-24BC76319D3B}.Debug|Any CPU.Build.0 = Debug|Any CPU
		{9EA90E84-37A9-4EF0-8FDC-24BC76319D3B}.Debug|x64.ActiveCfg = Debug|Any CPU
		{9EA90E84-37A9-4EF0-8FDC-24BC76319D3B}.Debug|x64.Build.0 = Debug|Any CPU
		{9EA90E84-37A9-4EF0-8FDC-24BC76319D3B}.Debug|x86.ActiveCfg = Debug|Any CPU
		{9EA90E84-37A9-4EF0-8FDC-24BC76319D3B}.Debug|x86.Build.0 = Debug|Any CPU
		{9EA90E84-37A9-4EF0-8FDC-24BC76319D3B}.Release|Any CPU.ActiveCfg = Release|Any CPU
		{9EA90E84-37A9-4EF0-8FDC-24BC76319D3B}.Release|Any CPU.Build.0 = Release|Any CPU
		{9EA90E84-37A9-4EF0-8FDC-24BC76319D3B}.Release|x64.ActiveCfg = Release|Any CPU
		{9EA90E84-37A9-4EF0-8FDC-24BC76319D3B}.Release|x64.Build.0 = Release|Any CPU
		{9EA90E84-37A9-4EF0-8FDC-24BC76319D3B}.Release|x86.ActiveCfg = Release|Any CPU
		{9EA90E84-37A9-4EF0-8FDC-24BC76319D3B}.Release|x86.Build.0 = Release|Any CPU
		{571527D2-F27B-4F6E-9969-9A747E891F16}.Debug|Any CPU.ActiveCfg = Debug|Any CPU
		{571527D2-F27B-4F6E-9969-9A747E891F16}.Debug|Any CPU.Build.0 = Debug|Any CPU
		{571527D2-F27B-4F6E-9969-9A747E891F16}.Debug|x64.ActiveCfg = Debug|Any CPU
		{571527D2-F27B-4F6E-9969-9A747E891F16}.Debug|x64.Build.0 = Debug|Any CPU
		{571527D2-F27B-4F6E-9969-9A747E891F16}.Debug|x86.ActiveCfg = Debug|Any CPU
		{571527D2-F27B-4F6E-9969-9A747E891F16}.Debug|x86.Build.0 = Debug|Any CPU
		{571527D2-F27B-4F6E-9969-9A747E891F16}.Release|Any CPU.ActiveCfg = Release|Any CPU
		{571527D2-F27B-4F6E-9969-9A747E891F16}.Release|Any CPU.Build.0 = Release|Any CPU
		{571527D2-F27B-4F6E-9969-9A747E891F16}.Release|x64.ActiveCfg = Release|Any CPU
		{571527D2-F27B-4F6E-9969-9A747E891F16}.Release|x64.Build.0 = Release|Any CPU
		{571527D2-F27B-4F6E-9969-9A747E891F16}.Release|x86.ActiveCfg = Release|Any CPU
		{571527D2-F27B-4F6E-9969-9A747E891F16}.Release|x86.Build.0 = Release|Any CPU
		{6D1355BA-AE3A-4D3B-A6DC-7E3E71DCCC7A}.Debug|Any CPU.ActiveCfg = Debug|Any CPU
		{6D1355BA-AE3A-4D3B-A6DC-7E3E71DCCC7A}.Debug|Any CPU.Build.0 = Debug|Any CPU
		{6D1355BA-AE3A-4D3B-A6DC-7E3E71DCCC7A}.Debug|x64.ActiveCfg = Debug|Any CPU
		{6D1355BA-AE3A-4D3B-A6DC-7E3E71DCCC7A}.Debug|x64.Build.0 = Debug|Any CPU
		{6D1355BA-AE3A-4D3B-A6DC-7E3E71DCCC7A}.Debug|x86.ActiveCfg = Debug|Any CPU
		{6D1355BA-AE3A-4D3B-A6DC-7E3E71DCCC7A}.Debug|x86.Build.0 = Debug|Any CPU
		{6D1355BA-AE3A-4D3B-A6DC-7E3E71DCCC7A}.Release|Any CPU.ActiveCfg = Release|Any CPU
		{6D1355BA-AE3A-4D3B-A6DC-7E3E71DCCC7A}.Release|Any CPU.Build.0 = Release|Any CPU
		{6D1355BA-AE3A-4D3B-A6DC-7E3E71DCCC7A}.Release|x64.ActiveCfg = Release|Any CPU
		{6D1355BA-AE3A-4D3B-A6DC-7E3E71DCCC7A}.Release|x64.Build.0 = Release|Any CPU
		{6D1355BA-AE3A-4D3B-A6DC-7E3E71DCCC7A}.Release|x86.ActiveCfg = Release|Any CPU
		{6D1355BA-AE3A-4D3B-A6DC-7E3E71DCCC7A}.Release|x86.Build.0 = Release|Any CPU
		{5AA077D1-FF0E-4307-B974-FD34C98FF4D4}.Debug|Any CPU.ActiveCfg = Debug|Any CPU
		{5AA077D1-FF0E-4307-B974-FD34C98FF4D4}.Debug|Any CPU.Build.0 = Debug|Any CPU
		{5AA077D1-FF0E-4307-B974-FD34C98FF4D4}.Debug|x64.ActiveCfg = Debug|Any CPU
		{5AA077D1-FF0E-4307-B974-FD34C98FF4D4}.Debug|x64.Build.0 = Debug|Any CPU
		{5AA077D1-FF0E-4307-B974-FD34C98FF4D4}.Debug|x86.ActiveCfg = Debug|Any CPU
		{5AA077D1-FF0E-4307-B974-FD34C98FF4D4}.Debug|x86.Build.0 = Debug|Any CPU
		{5AA077D1-FF0E-4307-B974-FD34C98FF4D4}.Release|Any CPU.ActiveCfg = Release|Any CPU
		{5AA077D1-FF0E-4307-B974-FD34C98FF4D4}.Release|Any CPU.Build.0 = Release|Any CPU
		{5AA077D1-FF0E-4307-B974-FD34C98FF4D4}.Release|x64.ActiveCfg = Release|Any CPU
		{5AA077D1-FF0E-4307-B974-FD34C98FF4D4}.Release|x64.Build.0 = Release|Any CPU
		{5AA077D1-FF0E-4307-B974-FD34C98FF4D4}.Release|x86.ActiveCfg = Release|Any CPU
		{5AA077D1-FF0E-4307-B974-FD34C98FF4D4}.Release|x86.Build.0 = Release|Any CPU
		{89DFCA77-D2DF-4D80-9046-E58BECF3DE7E}.Debug|Any CPU.ActiveCfg = Debug|Any CPU
		{89DFCA77-D2DF-4D80-9046-E58BECF3DE7E}.Debug|Any CPU.Build.0 = Debug|Any CPU
		{89DFCA77-D2DF-4D80-9046-E58BECF3DE7E}.Debug|x64.ActiveCfg = Debug|Any CPU
		{89DFCA77-D2DF-4D80-9046-E58BECF3DE7E}.Debug|x64.Build.0 = Debug|Any CPU
		{89DFCA77-D2DF-4D80-9046-E58BECF3DE7E}.Debug|x86.ActiveCfg = Debug|Any CPU
		{89DFCA77-D2DF-4D80-9046-E58BECF3DE7E}.Debug|x86.Build.0 = Debug|Any CPU
		{89DFCA77-D2DF-4D80-9046-E58BECF3DE7E}.Release|Any CPU.ActiveCfg = Release|Any CPU
		{89DFCA77-D2DF-4D80-9046-E58BECF3DE7E}.Release|Any CPU.Build.0 = Release|Any CPU
		{89DFCA77-D2DF-4D80-9046-E58BECF3DE7E}.Release|x64.ActiveCfg = Release|Any CPU
		{89DFCA77-D2DF-4D80-9046-E58BECF3DE7E}.Release|x64.Build.0 = Release|Any CPU
		{89DFCA77-D2DF-4D80-9046-E58BECF3DE7E}.Release|x86.ActiveCfg = Release|Any CPU
		{89DFCA77-D2DF-4D80-9046-E58BECF3DE7E}.Release|x86.Build.0 = Release|Any CPU
		{35449831-00F7-4118-8D51-9CD2C2D5AAA3}.Debug|Any CPU.ActiveCfg = Debug|Any CPU
		{35449831-00F7-4118-8D51-9CD2C2D5AAA3}.Debug|Any CPU.Build.0 = Debug|Any CPU
		{35449831-00F7-4118-8D51-9CD2C2D5AAA3}.Debug|x64.ActiveCfg = Debug|Any CPU
		{35449831-00F7-4118-8D51-9CD2C2D5AAA3}.Debug|x64.Build.0 = Debug|Any CPU
		{35449831-00F7-4118-8D51-9CD2C2D5AAA3}.Debug|x86.ActiveCfg = Debug|Any CPU
		{35449831-00F7-4118-8D51-9CD2C2D5AAA3}.Debug|x86.Build.0 = Debug|Any CPU
		{35449831-00F7-4118-8D51-9CD2C2D5AAA3}.Release|Any CPU.ActiveCfg = Release|Any CPU
		{35449831-00F7-4118-8D51-9CD2C2D5AAA3}.Release|Any CPU.Build.0 = Release|Any CPU
		{35449831-00F7-4118-8D51-9CD2C2D5AAA3}.Release|x64.ActiveCfg = Release|Any CPU
		{35449831-00F7-4118-8D51-9CD2C2D5AAA3}.Release|x64.Build.0 = Release|Any CPU
		{35449831-00F7-4118-8D51-9CD2C2D5AAA3}.Release|x86.ActiveCfg = Release|Any CPU
		{35449831-00F7-4118-8D51-9CD2C2D5AAA3}.Release|x86.Build.0 = Release|Any CPU
		{F1BD62BD-4233-4089-AFA3-DBE51491E9A3}.Debug|Any CPU.ActiveCfg = Debug|Any CPU
		{F1BD62BD-4233-4089-AFA3-DBE51491E9A3}.Debug|Any CPU.Build.0 = Debug|Any CPU
		{F1BD62BD-4233-4089-AFA3-DBE51491E9A3}.Debug|x64.ActiveCfg = Debug|Any CPU
		{F1BD62BD-4233-4089-AFA3-DBE51491E9A3}.Debug|x64.Build.0 = Debug|Any CPU
		{F1BD62BD-4233-4089-AFA3-DBE51491E9A3}.Debug|x86.ActiveCfg = Debug|Any CPU
		{F1BD62BD-4233-4089-AFA3-DBE51491E9A3}.Debug|x86.Build.0 = Debug|Any CPU
		{F1BD62BD-4233-4089-AFA3-DBE51491E9A3}.Release|Any CPU.ActiveCfg = Release|Any CPU
		{F1BD62BD-4233-4089-AFA3-DBE51491E9A3}.Release|Any CPU.Build.0 = Release|Any CPU
		{F1BD62BD-4233-4089-AFA3-DBE51491E9A3}.Release|x64.ActiveCfg = Release|Any CPU
		{F1BD62BD-4233-4089-AFA3-DBE51491E9A3}.Release|x64.Build.0 = Release|Any CPU
		{F1BD62BD-4233-4089-AFA3-DBE51491E9A3}.Release|x86.ActiveCfg = Release|Any CPU
		{F1BD62BD-4233-4089-AFA3-DBE51491E9A3}.Release|x86.Build.0 = Release|Any CPU
		{E5B035C9-F7B5-4399-B73A-0C1357989A12}.Debug|Any CPU.ActiveCfg = Debug|Any CPU
		{E5B035C9-F7B5-4399-B73A-0C1357989A12}.Debug|Any CPU.Build.0 = Debug|Any CPU
		{E5B035C9-F7B5-4399-B73A-0C1357989A12}.Debug|x64.ActiveCfg = Debug|Any CPU
		{E5B035C9-F7B5-4399-B73A-0C1357989A12}.Debug|x64.Build.0 = Debug|Any CPU
		{E5B035C9-F7B5-4399-B73A-0C1357989A12}.Debug|x86.ActiveCfg = Debug|Any CPU
		{E5B035C9-F7B5-4399-B73A-0C1357989A12}.Debug|x86.Build.0 = Debug|Any CPU
		{E5B035C9-F7B5-4399-B73A-0C1357989A12}.Release|Any CPU.ActiveCfg = Release|Any CPU
		{E5B035C9-F7B5-4399-B73A-0C1357989A12}.Release|Any CPU.Build.0 = Release|Any CPU
		{E5B035C9-F7B5-4399-B73A-0C1357989A12}.Release|x64.ActiveCfg = Release|Any CPU
		{E5B035C9-F7B5-4399-B73A-0C1357989A12}.Release|x64.Build.0 = Release|Any CPU
		{E5B035C9-F7B5-4399-B73A-0C1357989A12}.Release|x86.ActiveCfg = Release|Any CPU
		{E5B035C9-F7B5-4399-B73A-0C1357989A12}.Release|x86.Build.0 = Release|Any CPU
		{E301E546-2D11-4310-90BD-3AAB788E15EC}.Debug|Any CPU.ActiveCfg = Debug|Any CPU
		{E301E546-2D11-4310-90BD-3AAB788E15EC}.Debug|Any CPU.Build.0 = Debug|Any CPU
		{E301E546-2D11-4310-90BD-3AAB788E15EC}.Debug|x64.ActiveCfg = Debug|Any CPU
		{E301E546-2D11-4310-90BD-3AAB788E15EC}.Debug|x64.Build.0 = Debug|Any CPU
		{E301E546-2D11-4310-90BD-3AAB788E15EC}.Debug|x86.ActiveCfg = Debug|Any CPU
		{E301E546-2D11-4310-90BD-3AAB788E15EC}.Debug|x86.Build.0 = Debug|Any CPU
		{E301E546-2D11-4310-90BD-3AAB788E15EC}.Release|Any CPU.ActiveCfg = Release|Any CPU
		{E301E546-2D11-4310-90BD-3AAB788E15EC}.Release|Any CPU.Build.0 = Release|Any CPU
		{E301E546-2D11-4310-90BD-3AAB788E15EC}.Release|x64.ActiveCfg = Release|Any CPU
		{E301E546-2D11-4310-90BD-3AAB788E15EC}.Release|x64.Build.0 = Release|Any CPU
		{E301E546-2D11-4310-90BD-3AAB788E15EC}.Release|x86.ActiveCfg = Release|Any CPU
		{E301E546-2D11-4310-90BD-3AAB788E15EC}.Release|x86.Build.0 = Release|Any CPU
		{4E792029-BDB9-47D8-829F-E7F62F482EC4}.Debug|Any CPU.ActiveCfg = Debug|Any CPU
		{4E792029-BDB9-47D8-829F-E7F62F482EC4}.Debug|Any CPU.Build.0 = Debug|Any CPU
		{4E792029-BDB9-47D8-829F-E7F62F482EC4}.Debug|x64.ActiveCfg = Debug|Any CPU
		{4E792029-BDB9-47D8-829F-E7F62F482EC4}.Debug|x64.Build.0 = Debug|Any CPU
		{4E792029-BDB9-47D8-829F-E7F62F482EC4}.Debug|x86.ActiveCfg = Debug|Any CPU
		{4E792029-BDB9-47D8-829F-E7F62F482EC4}.Debug|x86.Build.0 = Debug|Any CPU
		{4E792029-BDB9-47D8-829F-E7F62F482EC4}.Release|Any CPU.ActiveCfg = Release|Any CPU
		{4E792029-BDB9-47D8-829F-E7F62F482EC4}.Release|Any CPU.Build.0 = Release|Any CPU
		{4E792029-BDB9-47D8-829F-E7F62F482EC4}.Release|x64.ActiveCfg = Release|Any CPU
		{4E792029-BDB9-47D8-829F-E7F62F482EC4}.Release|x64.Build.0 = Release|Any CPU
		{4E792029-BDB9-47D8-829F-E7F62F482EC4}.Release|x86.ActiveCfg = Release|Any CPU
		{4E792029-BDB9-47D8-829F-E7F62F482EC4}.Release|x86.Build.0 = Release|Any CPU
		{DAC64C2A-478B-45ED-BF14-0E78889C0ABD}.Debug|Any CPU.ActiveCfg = Debug|Any CPU
		{DAC64C2A-478B-45ED-BF14-0E78889C0ABD}.Debug|Any CPU.Build.0 = Debug|Any CPU
		{DAC64C2A-478B-45ED-BF14-0E78889C0ABD}.Debug|x64.ActiveCfg = Debug|Any CPU
		{DAC64C2A-478B-45ED-BF14-0E78889C0ABD}.Debug|x64.Build.0 = Debug|Any CPU
		{DAC64C2A-478B-45ED-BF14-0E78889C0ABD}.Debug|x86.ActiveCfg = Debug|Any CPU
		{DAC64C2A-478B-45ED-BF14-0E78889C0ABD}.Debug|x86.Build.0 = Debug|Any CPU
		{DAC64C2A-478B-45ED-BF14-0E78889C0ABD}.Release|Any CPU.ActiveCfg = Release|Any CPU
		{DAC64C2A-478B-45ED-BF14-0E78889C0ABD}.Release|Any CPU.Build.0 = Release|Any CPU
		{DAC64C2A-478B-45ED-BF14-0E78889C0ABD}.Release|x64.ActiveCfg = Release|Any CPU
		{DAC64C2A-478B-45ED-BF14-0E78889C0ABD}.Release|x64.Build.0 = Release|Any CPU
		{DAC64C2A-478B-45ED-BF14-0E78889C0ABD}.Release|x86.ActiveCfg = Release|Any CPU
		{DAC64C2A-478B-45ED-BF14-0E78889C0ABD}.Release|x86.Build.0 = Release|Any CPU
	EndGlobalSection
	GlobalSection(SolutionProperties) = preSolution
		HideSolutionNode = FALSE
	EndGlobalSection
	GlobalSection(NestedProjects) = preSolution
		{27EB2F67-0434-401D-AB23-336C56A66EAC} = {E1A4E891-22ED-4AB6-B1E7-3B1CC4D5BB35}
		{1D88283C-6332-461E-8DBA-B083996FF56E} = {C57152EE-7CEB-4FD2-A26B-9B8852795752}
		{D9B79816-60E7-4C6F-AF71-55925689F61B} = {C57152EE-7CEB-4FD2-A26B-9B8852795752}
		{1DC06CE8-BD3A-4090-9DB3-B229CA56C593} = {E1A4E891-22ED-4AB6-B1E7-3B1CC4D5BB35}
		{9B43A67D-98AF-48F5-A38F-990DC0EA3472} = {E1A4E891-22ED-4AB6-B1E7-3B1CC4D5BB35}
		{4D7EA643-7730-4208-B775-AFE6F7E1C8A2} = {C57152EE-7CEB-4FD2-A26B-9B8852795752}
		{AAD1EC87-959F-49D3-B9F7-B7B2B525CC5D} = {C57152EE-7CEB-4FD2-A26B-9B8852795752}
		{14AE44AB-FAC3-478E-B9AC-BB80F7741A21} = {C57152EE-7CEB-4FD2-A26B-9B8852795752}
		{18E7FE03-6255-436F-B50E-85415ABB3880} = {E1A4E891-22ED-4AB6-B1E7-3B1CC4D5BB35}
		{98B5D0AC-7B86-439F-A097-E3E1CEFC9373} = {E1A4E891-22ED-4AB6-B1E7-3B1CC4D5BB35}
		{542BB2B8-BED3-4E82-98D1-2F3206CFE9AB} = {C57152EE-7CEB-4FD2-A26B-9B8852795752}
		{70A71631-7D0C-4B94-84A4-F8CF1D594B5D} = {E1A4E891-22ED-4AB6-B1E7-3B1CC4D5BB35}
		{2AE5FB66-5182-4728-BE7A-33A50AA877EF} = {C57152EE-7CEB-4FD2-A26B-9B8852795752}
		{A64EA202-8178-4338-BD8F-D4DD2CB958DF} = {E1A4E891-22ED-4AB6-B1E7-3B1CC4D5BB35}
		{7D33BB39-070B-4818-80B2-260D72F02A50} = {C57152EE-7CEB-4FD2-A26B-9B8852795752}
		{7101A89A-94D6-4509-BA25-DC4CFB220EC2} = {C57152EE-7CEB-4FD2-A26B-9B8852795752}
		{A2C30949-A443-496E-B88F-953EA1C9F890} = {E1A4E891-22ED-4AB6-B1E7-3B1CC4D5BB35}
		{B2BFB7E6-4ADB-441E-86E1-0AD30F326250} = {E1A4E891-22ED-4AB6-B1E7-3B1CC4D5BB35}
		{F9CA2321-F477-4B1C-B5DB-A90365EE5C19} = {C57152EE-7CEB-4FD2-A26B-9B8852795752}
		{479F35BE-392C-41FC-AA85-0E28A64A60E5} = {82E07191-A2E9-4488-831E-BC56D5AC7469}
		{2501FE8C-E819-4BC4-AB92-E92E1E5EC5FD} = {479F35BE-392C-41FC-AA85-0E28A64A60E5}
		{A134CD63-886B-45A1-8AE0-31725AF9129D} = {2501FE8C-E819-4BC4-AB92-E92E1E5EC5FD}
		{E2D034B4-D978-4252-ACFB-717D9878328D} = {82E07191-A2E9-4488-831E-BC56D5AC7469}
		{6C0A01BB-23D6-446E-BC06-B5FAE1C2033B} = {E2D034B4-D978-4252-ACFB-717D9878328D}
		{391C6336-DECE-4F1B-BCF2-E445CB054072} = {6C0A01BB-23D6-446E-BC06-B5FAE1C2033B}
		{8D47DC65-29F1-4E38-98F9-0A4EB5145DFB} = {82E07191-A2E9-4488-831E-BC56D5AC7469}
		{DE0DF855-15C5-43F1-8120-5B6BA7844093} = {8D47DC65-29F1-4E38-98F9-0A4EB5145DFB}
		{04E2AD43-A54B-465E-AE57-958784F71AD2} = {DE0DF855-15C5-43F1-8120-5B6BA7844093}
		{478B6F02-E086-4963-9DAD-2BA943197126} = {E1A4E891-22ED-4AB6-B1E7-3B1CC4D5BB35}
		{6C136C99-40CC-4877-A9DF-7AA0A210BFE9} = {E1A4E891-22ED-4AB6-B1E7-3B1CC4D5BB35}
		{9EA90E84-37A9-4EF0-8FDC-24BC76319D3B} = {C57152EE-7CEB-4FD2-A26B-9B8852795752}
		{571527D2-F27B-4F6E-9969-9A747E891F16} = {E1A4E891-22ED-4AB6-B1E7-3B1CC4D5BB35}
		{6D1355BA-AE3A-4D3B-A6DC-7E3E71DCCC7A} = {C57152EE-7CEB-4FD2-A26B-9B8852795752}
		{5AA077D1-FF0E-4307-B974-FD34C98FF4D4} = {E1A4E891-22ED-4AB6-B1E7-3B1CC4D5BB35}
		{89DFCA77-D2DF-4D80-9046-E58BECF3DE7E} = {C57152EE-7CEB-4FD2-A26B-9B8852795752}
		{35449831-00F7-4118-8D51-9CD2C2D5AAA3} = {E1A4E891-22ED-4AB6-B1E7-3B1CC4D5BB35}
		{F1BD62BD-4233-4089-AFA3-DBE51491E9A3} = {C57152EE-7CEB-4FD2-A26B-9B8852795752}
		{8B65864F-AA6D-41C7-A898-9481DEE14175} = {82E07191-A2E9-4488-831E-BC56D5AC7469}
		{DF1358A2-C3D0-4095-8EE7-D569BFFF70AF} = {8B65864F-AA6D-41C7-A898-9481DEE14175}
		{E5B035C9-F7B5-4399-B73A-0C1357989A12} = {DF1358A2-C3D0-4095-8EE7-D569BFFF70AF}
		{E301E546-2D11-4310-90BD-3AAB788E15EC} = {E1A4E891-22ED-4AB6-B1E7-3B1CC4D5BB35}
		{4E792029-BDB9-47D8-829F-E7F62F482EC4} = {E1A4E891-22ED-4AB6-B1E7-3B1CC4D5BB35}
		{DAC64C2A-478B-45ED-BF14-0E78889C0ABD} = {E1A4E891-22ED-4AB6-B1E7-3B1CC4D5BB35}
	EndGlobalSection
	GlobalSection(ExtensibilityGlobals) = postSolution
		SolutionGuid = {D2AFD460-8F30-4611-A635-17D59DE0DE4B}
	EndGlobalSection
EndGlobal
