
Microsoft Visual Studio Solution File, Format Version 12.00
# Visual Studio 15
VisualStudioVersion = 15.0.26124.0
MinimumVisualStudioVersion = 15.0.26124.0
Project("{2150E333-8FDC-42A3-9474-1A3956D46DE8}") = "src", "src", "{E1A4E891-22ED-4AB6-B1E7-3B1CC4D5BB35}"
EndProject
Project("{9A19103F-16F7-4668-BE54-9A1E7A4F7556}") = "Scorpio", "src\Scorpio\Scorpio.csproj", "{27EB2F67-0434-401D-AB23-336C56A66EAC}"
EndProject
Project("{2150E333-8FDC-42A3-9474-1A3956D46DE8}") = "test", "test", "{C57152EE-7CEB-4FD2-A26B-9B8852795752}"
EndProject
Project("{9A19103F-16F7-4668-BE54-9A1E7A4F7556}") = "Scorpio.Tests", "test\Scorpio.Tests\Scorpio.Tests.csproj", "{1D88283C-6332-461E-8DBA-B083996FF56E}"
EndProject
Project("{2150E333-8FDC-42A3-9474-1A3956D46DE8}") = "Solution Items", "Solution Items", "{B1896A57-F552-433A-9ADC-056685517601}"
	ProjectSection(SolutionItems) = preProject
		.editorconfig = .editorconfig
		.gitignore = .gitignore
		appveyor.yml = appveyor.yml
		build.cake = build.cake
		build.ps1 = build.ps1
		common.props = common.props
		LICENSE = LICENSE
		README.md = README.md
		test.props = test.props
	EndProjectSection
EndProject
Project("{9A19103F-16F7-4668-BE54-9A1E7A4F7556}") = "Scorpio.TestBase", "test\Scorpio.TestBase\Scorpio.TestBase.csproj", "{D9B79816-60E7-4C6F-AF71-55925689F61B}"
EndProject
Project("{9A19103F-16F7-4668-BE54-9A1E7A4F7556}") = "Scorpio.Domain", "src\Scorpio.Domain\Scorpio.Domain.csproj", "{1DC06CE8-BD3A-4090-9DB3-B229CA56C593}"
EndProject
Project("{9A19103F-16F7-4668-BE54-9A1E7A4F7556}") = "Scorpio.Threading", "src\Scorpio.Threading\Scorpio.Threading.csproj", "{9B43A67D-98AF-48F5-A38F-990DC0EA3472}"
EndProject
Project("{9A19103F-16F7-4668-BE54-9A1E7A4F7556}") = "Scorpio.Domain.Tests", "test\Scorpio.Domain.Tests\Scorpio.Domain.Tests.csproj", "{4D7EA643-7730-4208-B775-AFE6F7E1C8A2}"
EndProject
Project("{9A19103F-16F7-4668-BE54-9A1E7A4F7556}") = "Scorpio.Threading.Tests", "test\Scorpio.Threading.Tests\Scorpio.Threading.Tests.csproj", "{AAD1EC87-959F-49D3-B9F7-B7B2B525CC5D}"
EndProject
Project("{FAE04EC0-301F-11D3-BF4B-00C04F79EFBC}") = "Scorpio.Uow.Tests", "test\Scorpio.Uow.Tests\Scorpio.Uow.Tests.csproj", "{14AE44AB-FAC3-478E-B9AC-BB80F7741A21}"
EndProject
Project("{FAE04EC0-301F-11D3-BF4B-00C04F79EFBC}") = "Scorpio.Uow", "src\Scorpio.Uow\Scorpio.Uow.csproj", "{18E7FE03-6255-436F-B50E-85415ABB3880}"
EndProject
Project("{FAE04EC0-301F-11D3-BF4B-00C04F79EFBC}") = "Scorpio.EntityFrameworkCore", "src\Scorpio.EntityFrameworkCore\Scorpio.EntityFrameworkCore.csproj", "{98B5D0AC-7B86-439F-A097-E3E1CEFC9373}"
EndProject
Project("{FAE04EC0-301F-11D3-BF4B-00C04F79EFBC}") = "Scorpio.EntityFrameworkCore.Tests", "test\Scorpio.EntityFrameworkCore.Tests\Scorpio.EntityFrameworkCore.Tests.csproj", "{542BB2B8-BED3-4E82-98D1-2F3206CFE9AB}"
EndProject
Project("{FAE04EC0-301F-11D3-BF4B-00C04F79EFBC}") = "Scorpio.Timing", "src\Scorpio.Timing\Scorpio.Timing.csproj", "{70A71631-7D0C-4B94-84A4-F8CF1D594B5D}"
EndProject
Project("{FAE04EC0-301F-11D3-BF4B-00C04F79EFBC}") = "Scorpio.Timing.Tests", "test\Scorpio.Timing.Tests\Scorpio.Timing.Tests.csproj", "{2AE5FB66-5182-4728-BE7A-33A50AA877EF}"
EndProject
Project("{FAE04EC0-301F-11D3-BF4B-00C04F79EFBC}") = "Scorpio.Guids", "src\Scorpio.Guids\Scorpio.Guids.csproj", "{A64EA202-8178-4338-BD8F-D4DD2CB958DF}"
EndProject
Project("{FAE04EC0-301F-11D3-BF4B-00C04F79EFBC}") = "Scorpio.Guids.Tests", "test\Scorpio.Guids.Tests\Scorpio.Guids.Tests.csproj", "{7D33BB39-070B-4818-80B2-260D72F02A50}"
EndProject
Project("{FAE04EC0-301F-11D3-BF4B-00C04F79EFBC}") = "Scorpio.Data.Tests", "test\Scorpio.Data.Tests\Scorpio.Data.Tests.csproj", "{7101A89A-94D6-4509-BA25-DC4CFB220EC2}"
EndProject
Project("{FAE04EC0-301F-11D3-BF4B-00C04F79EFBC}") = "Scorpio.Data", "src\Scorpio.Data\Scorpio.Data.csproj", "{A2C30949-A443-496E-B88F-953EA1C9F890}"
EndProject
Project("{FAE04EC0-301F-11D3-BF4B-00C04F79EFBC}") = "Scorpio.EventBus", "src\Scorpio.EventBus\Scorpio.EventBus.csproj", "{B2BFB7E6-4ADB-441E-86E1-0AD30F326250}"
EndProject
Project("{FAE04EC0-301F-11D3-BF4B-00C04F79EFBC}") = "Scorpio.EventBus.Tests", "test\Scorpio.EventBus.Tests\Scorpio.EventBus.Tests.csproj", "{F9CA2321-F477-4B1C-B5DB-A90365EE5C19}"
EndProject
Global
	GlobalSection(SolutionConfigurationPlatforms) = preSolution
		Debug|Any CPU = Debug|Any CPU
		Debug|x64 = Debug|x64
		Debug|x86 = Debug|x86
		Release|Any CPU = Release|Any CPU
		Release|x64 = Release|x64
		Release|x86 = Release|x86
	EndGlobalSection
	GlobalSection(ProjectConfigurationPlatforms) = postSolution
		{27EB2F67-0434-401D-AB23-336C56A66EAC}.Debug|Any CPU.ActiveCfg = Debug|Any CPU
		{27EB2F67-0434-401D-AB23-336C56A66EAC}.Debug|Any CPU.Build.0 = Debug|Any CPU
		{27EB2F67-0434-401D-AB23-336C56A66EAC}.Debug|x64.ActiveCfg = Debug|Any CPU
		{27EB2F67-0434-401D-AB23-336C56A66EAC}.Debug|x64.Build.0 = Debug|Any CPU
		{27EB2F67-0434-401D-AB23-336C56A66EAC}.Debug|x86.ActiveCfg = Debug|Any CPU
		{27EB2F67-0434-401D-AB23-336C56A66EAC}.Debug|x86.Build.0 = Debug|Any CPU
		{27EB2F67-0434-401D-AB23-336C56A66EAC}.Release|Any CPU.ActiveCfg = Release|Any CPU
		{27EB2F67-0434-401D-AB23-336C56A66EAC}.Release|Any CPU.Build.0 = Release|Any CPU
		{27EB2F67-0434-401D-AB23-336C56A66EAC}.Release|x64.ActiveCfg = Release|Any CPU
		{27EB2F67-0434-401D-AB23-336C56A66EAC}.Release|x64.Build.0 = Release|Any CPU
		{27EB2F67-0434-401D-AB23-336C56A66EAC}.Release|x86.ActiveCfg = Release|Any CPU
		{27EB2F67-0434-401D-AB23-336C56A66EAC}.Release|x86.Build.0 = Release|Any CPU
		{1D88283C-6332-461E-8DBA-B083996FF56E}.Debug|Any CPU.ActiveCfg = Debug|Any CPU
		{1D88283C-6332-461E-8DBA-B083996FF56E}.Debug|Any CPU.Build.0 = Debug|Any CPU
		{1D88283C-6332-461E-8DBA-B083996FF56E}.Debug|x64.ActiveCfg = Debug|Any CPU
		{1D88283C-6332-461E-8DBA-B083996FF56E}.Debug|x64.Build.0 = Debug|Any CPU
		{1D88283C-6332-461E-8DBA-B083996FF56E}.Debug|x86.ActiveCfg = Debug|Any CPU
		{1D88283C-6332-461E-8DBA-B083996FF56E}.Debug|x86.Build.0 = Debug|Any CPU
		{1D88283C-6332-461E-8DBA-B083996FF56E}.Release|Any CPU.ActiveCfg = Release|Any CPU
		{1D88283C-6332-461E-8DBA-B083996FF56E}.Release|Any CPU.Build.0 = Release|Any CPU
		{1D88283C-6332-461E-8DBA-B083996FF56E}.Release|x64.ActiveCfg = Release|Any CPU
		{1D88283C-6332-461E-8DBA-B083996FF56E}.Release|x64.Build.0 = Release|Any CPU
		{1D88283C-6332-461E-8DBA-B083996FF56E}.Release|x86.ActiveCfg = Release|Any CPU
		{1D88283C-6332-461E-8DBA-B083996FF56E}.Release|x86.Build.0 = Release|Any CPU
		{D9B79816-60E7-4C6F-AF71-55925689F61B}.Debug|Any CPU.ActiveCfg = Debug|Any CPU
		{D9B79816-60E7-4C6F-AF71-55925689F61B}.Debug|Any CPU.Build.0 = Debug|Any CPU
		{D9B79816-60E7-4C6F-AF71-55925689F61B}.Debug|x64.ActiveCfg = Debug|Any CPU
		{D9B79816-60E7-4C6F-AF71-55925689F61B}.Debug|x64.Build.0 = Debug|Any CPU
		{D9B79816-60E7-4C6F-AF71-55925689F61B}.Debug|x86.ActiveCfg = Debug|Any CPU
		{D9B79816-60E7-4C6F-AF71-55925689F61B}.Debug|x86.Build.0 = Debug|Any CPU
		{D9B79816-60E7-4C6F-AF71-55925689F61B}.Release|Any CPU.ActiveCfg = Release|Any CPU
		{D9B79816-60E7-4C6F-AF71-55925689F61B}.Release|Any CPU.Build.0 = Release|Any CPU
		{D9B79816-60E7-4C6F-AF71-55925689F61B}.Release|x64.ActiveCfg = Release|Any CPU
		{D9B79816-60E7-4C6F-AF71-55925689F61B}.Release|x64.Build.0 = Release|Any CPU
		{D9B79816-60E7-4C6F-AF71-55925689F61B}.Release|x86.ActiveCfg = Release|Any CPU
		{D9B79816-60E7-4C6F-AF71-55925689F61B}.Release|x86.Build.0 = Release|Any CPU
		{1DC06CE8-BD3A-4090-9DB3-B229CA56C593}.Debug|Any CPU.ActiveCfg = Debug|Any CPU
		{1DC06CE8-BD3A-4090-9DB3-B229CA56C593}.Debug|Any CPU.Build.0 = Debug|Any CPU
		{1DC06CE8-BD3A-4090-9DB3-B229CA56C593}.Debug|x64.ActiveCfg = Debug|Any CPU
		{1DC06CE8-BD3A-4090-9DB3-B229CA56C593}.Debug|x64.Build.0 = Debug|Any CPU
		{1DC06CE8-BD3A-4090-9DB3-B229CA56C593}.Debug|x86.ActiveCfg = Debug|Any CPU
		{1DC06CE8-BD3A-4090-9DB3-B229CA56C593}.Debug|x86.Build.0 = Debug|Any CPU
		{1DC06CE8-BD3A-4090-9DB3-B229CA56C593}.Release|Any CPU.ActiveCfg = Release|Any CPU
		{1DC06CE8-BD3A-4090-9DB3-B229CA56C593}.Release|Any CPU.Build.0 = Release|Any CPU
		{1DC06CE8-BD3A-4090-9DB3-B229CA56C593}.Release|x64.ActiveCfg = Release|Any CPU
		{1DC06CE8-BD3A-4090-9DB3-B229CA56C593}.Release|x64.Build.0 = Release|Any CPU
		{1DC06CE8-BD3A-4090-9DB3-B229CA56C593}.Release|x86.ActiveCfg = Release|Any CPU
		{1DC06CE8-BD3A-4090-9DB3-B229CA56C593}.Release|x86.Build.0 = Release|Any CPU
		{9B43A67D-98AF-48F5-A38F-990DC0EA3472}.Debug|Any CPU.ActiveCfg = Debug|Any CPU
		{9B43A67D-98AF-48F5-A38F-990DC0EA3472}.Debug|Any CPU.Build.0 = Debug|Any CPU
		{9B43A67D-98AF-48F5-A38F-990DC0EA3472}.Debug|x64.ActiveCfg = Debug|Any CPU
		{9B43A67D-98AF-48F5-A38F-990DC0EA3472}.Debug|x64.Build.0 = Debug|Any CPU
		{9B43A67D-98AF-48F5-A38F-990DC0EA3472}.Debug|x86.ActiveCfg = Debug|Any CPU
		{9B43A67D-98AF-48F5-A38F-990DC0EA3472}.Debug|x86.Build.0 = Debug|Any CPU
		{9B43A67D-98AF-48F5-A38F-990DC0EA3472}.Release|Any CPU.ActiveCfg = Release|Any CPU
		{9B43A67D-98AF-48F5-A38F-990DC0EA3472}.Release|Any CPU.Build.0 = Release|Any CPU
		{9B43A67D-98AF-48F5-A38F-990DC0EA3472}.Release|x64.ActiveCfg = Release|Any CPU
		{9B43A67D-98AF-48F5-A38F-990DC0EA3472}.Release|x64.Build.0 = Release|Any CPU
		{9B43A67D-98AF-48F5-A38F-990DC0EA3472}.Release|x86.ActiveCfg = Release|Any CPU
		{9B43A67D-98AF-48F5-A38F-990DC0EA3472}.Release|x86.Build.0 = Release|Any CPU
		{4D7EA643-7730-4208-B775-AFE6F7E1C8A2}.Debug|Any CPU.ActiveCfg = Debug|Any CPU
		{4D7EA643-7730-4208-B775-AFE6F7E1C8A2}.Debug|Any CPU.Build.0 = Debug|Any CPU
		{4D7EA643-7730-4208-B775-AFE6F7E1C8A2}.Debug|x64.ActiveCfg = Debug|Any CPU
		{4D7EA643-7730-4208-B775-AFE6F7E1C8A2}.Debug|x64.Build.0 = Debug|Any CPU
		{4D7EA643-7730-4208-B775-AFE6F7E1C8A2}.Debug|x86.ActiveCfg = Debug|Any CPU
		{4D7EA643-7730-4208-B775-AFE6F7E1C8A2}.Debug|x86.Build.0 = Debug|Any CPU
		{4D7EA643-7730-4208-B775-AFE6F7E1C8A2}.Release|Any CPU.ActiveCfg = Release|Any CPU
		{4D7EA643-7730-4208-B775-AFE6F7E1C8A2}.Release|Any CPU.Build.0 = Release|Any CPU
		{4D7EA643-7730-4208-B775-AFE6F7E1C8A2}.Release|x64.ActiveCfg = Release|Any CPU
		{4D7EA643-7730-4208-B775-AFE6F7E1C8A2}.Release|x64.Build.0 = Release|Any CPU
		{4D7EA643-7730-4208-B775-AFE6F7E1C8A2}.Release|x86.ActiveCfg = Release|Any CPU
		{4D7EA643-7730-4208-B775-AFE6F7E1C8A2}.Release|x86.Build.0 = Release|Any CPU
		{AAD1EC87-959F-49D3-B9F7-B7B2B525CC5D}.Debug|Any CPU.ActiveCfg = Debug|Any CPU
		{AAD1EC87-959F-49D3-B9F7-B7B2B525CC5D}.Debug|Any CPU.Build.0 = Debug|Any CPU
		{AAD1EC87-959F-49D3-B9F7-B7B2B525CC5D}.Debug|x64.ActiveCfg = Debug|Any CPU
		{AAD1EC87-959F-49D3-B9F7-B7B2B525CC5D}.Debug|x64.Build.0 = Debug|Any CPU
		{AAD1EC87-959F-49D3-B9F7-B7B2B525CC5D}.Debug|x86.ActiveCfg = Debug|Any CPU
		{AAD1EC87-959F-49D3-B9F7-B7B2B525CC5D}.Debug|x86.Build.0 = Debug|Any CPU
		{AAD1EC87-959F-49D3-B9F7-B7B2B525CC5D}.Release|Any CPU.ActiveCfg = Release|Any CPU
		{AAD1EC87-959F-49D3-B9F7-B7B2B525CC5D}.Release|Any CPU.Build.0 = Release|Any CPU
		{AAD1EC87-959F-49D3-B9F7-B7B2B525CC5D}.Release|x64.ActiveCfg = Release|Any CPU
		{AAD1EC87-959F-49D3-B9F7-B7B2B525CC5D}.Release|x64.Build.0 = Release|Any CPU
		{AAD1EC87-959F-49D3-B9F7-B7B2B525CC5D}.Release|x86.ActiveCfg = Release|Any CPU
		{AAD1EC87-959F-49D3-B9F7-B7B2B525CC5D}.Release|x86.Build.0 = Release|Any CPU
		{14AE44AB-FAC3-478E-B9AC-BB80F7741A21}.Debug|Any CPU.ActiveCfg = Debug|Any CPU
		{14AE44AB-FAC3-478E-B9AC-BB80F7741A21}.Debug|Any CPU.Build.0 = Debug|Any CPU
		{14AE44AB-FAC3-478E-B9AC-BB80F7741A21}.Debug|x64.ActiveCfg = Debug|Any CPU
		{14AE44AB-FAC3-478E-B9AC-BB80F7741A21}.Debug|x64.Build.0 = Debug|Any CPU
		{14AE44AB-FAC3-478E-B9AC-BB80F7741A21}.Debug|x86.ActiveCfg = Debug|Any CPU
		{14AE44AB-FAC3-478E-B9AC-BB80F7741A21}.Debug|x86.Build.0 = Debug|Any CPU
		{14AE44AB-FAC3-478E-B9AC-BB80F7741A21}.Release|Any CPU.ActiveCfg = Release|Any CPU
		{14AE44AB-FAC3-478E-B9AC-BB80F7741A21}.Release|Any CPU.Build.0 = Release|Any CPU
		{14AE44AB-FAC3-478E-B9AC-BB80F7741A21}.Release|x64.ActiveCfg = Release|Any CPU
		{14AE44AB-FAC3-478E-B9AC-BB80F7741A21}.Release|x64.Build.0 = Release|Any CPU
		{14AE44AB-FAC3-478E-B9AC-BB80F7741A21}.Release|x86.ActiveCfg = Release|Any CPU
		{14AE44AB-FAC3-478E-B9AC-BB80F7741A21}.Release|x86.Build.0 = Release|Any CPU
		{18E7FE03-6255-436F-B50E-85415ABB3880}.Debug|Any CPU.ActiveCfg = Debug|Any CPU
		{18E7FE03-6255-436F-B50E-85415ABB3880}.Debug|Any CPU.Build.0 = Debug|Any CPU
		{18E7FE03-6255-436F-B50E-85415ABB3880}.Debug|x64.ActiveCfg = Debug|Any CPU
		{18E7FE03-6255-436F-B50E-85415ABB3880}.Debug|x64.Build.0 = Debug|Any CPU
		{18E7FE03-6255-436F-B50E-85415ABB3880}.Debug|x86.ActiveCfg = Debug|Any CPU
		{18E7FE03-6255-436F-B50E-85415ABB3880}.Debug|x86.Build.0 = Debug|Any CPU
		{18E7FE03-6255-436F-B50E-85415ABB3880}.Release|Any CPU.ActiveCfg = Release|Any CPU
		{18E7FE03-6255-436F-B50E-85415ABB3880}.Release|Any CPU.Build.0 = Release|Any CPU
		{18E7FE03-6255-436F-B50E-85415ABB3880}.Release|x64.ActiveCfg = Release|Any CPU
		{18E7FE03-6255-436F-B50E-85415ABB3880}.Release|x64.Build.0 = Release|Any CPU
		{18E7FE03-6255-436F-B50E-85415ABB3880}.Release|x86.ActiveCfg = Release|Any CPU
		{18E7FE03-6255-436F-B50E-85415ABB3880}.Release|x86.Build.0 = Release|Any CPU
		{98B5D0AC-7B86-439F-A097-E3E1CEFC9373}.Debug|Any CPU.ActiveCfg = Debug|Any CPU
		{98B5D0AC-7B86-439F-A097-E3E1CEFC9373}.Debug|Any CPU.Build.0 = Debug|Any CPU
		{98B5D0AC-7B86-439F-A097-E3E1CEFC9373}.Debug|x64.ActiveCfg = Debug|Any CPU
		{98B5D0AC-7B86-439F-A097-E3E1CEFC9373}.Debug|x64.Build.0 = Debug|Any CPU
		{98B5D0AC-7B86-439F-A097-E3E1CEFC9373}.Debug|x86.ActiveCfg = Debug|Any CPU
		{98B5D0AC-7B86-439F-A097-E3E1CEFC9373}.Debug|x86.Build.0 = Debug|Any CPU
		{98B5D0AC-7B86-439F-A097-E3E1CEFC9373}.Release|Any CPU.ActiveCfg = Release|Any CPU
		{98B5D0AC-7B86-439F-A097-E3E1CEFC9373}.Release|Any CPU.Build.0 = Release|Any CPU
		{98B5D0AC-7B86-439F-A097-E3E1CEFC9373}.Release|x64.ActiveCfg = Release|Any CPU
		{98B5D0AC-7B86-439F-A097-E3E1CEFC9373}.Release|x64.Build.0 = Release|Any CPU
		{98B5D0AC-7B86-439F-A097-E3E1CEFC9373}.Release|x86.ActiveCfg = Release|Any CPU
		{98B5D0AC-7B86-439F-A097-E3E1CEFC9373}.Release|x86.Build.0 = Release|Any CPU
		{542BB2B8-BED3-4E82-98D1-2F3206CFE9AB}.Debug|Any CPU.ActiveCfg = Debug|Any CPU
		{542BB2B8-BED3-4E82-98D1-2F3206CFE9AB}.Debug|Any CPU.Build.0 = Debug|Any CPU
		{542BB2B8-BED3-4E82-98D1-2F3206CFE9AB}.Debug|x64.ActiveCfg = Debug|Any CPU
		{542BB2B8-BED3-4E82-98D1-2F3206CFE9AB}.Debug|x64.Build.0 = Debug|Any CPU
		{542BB2B8-BED3-4E82-98D1-2F3206CFE9AB}.Debug|x86.ActiveCfg = Debug|Any CPU
		{542BB2B8-BED3-4E82-98D1-2F3206CFE9AB}.Debug|x86.Build.0 = Debug|Any CPU
		{542BB2B8-BED3-4E82-98D1-2F3206CFE9AB}.Release|Any CPU.ActiveCfg = Release|Any CPU
		{542BB2B8-BED3-4E82-98D1-2F3206CFE9AB}.Release|Any CPU.Build.0 = Release|Any CPU
		{542BB2B8-BED3-4E82-98D1-2F3206CFE9AB}.Release|x64.ActiveCfg = Release|Any CPU
		{542BB2B8-BED3-4E82-98D1-2F3206CFE9AB}.Release|x64.Build.0 = Release|Any CPU
		{542BB2B8-BED3-4E82-98D1-2F3206CFE9AB}.Release|x86.ActiveCfg = Release|Any CPU
		{542BB2B8-BED3-4E82-98D1-2F3206CFE9AB}.Release|x86.Build.0 = Release|Any CPU
		{70A71631-7D0C-4B94-84A4-F8CF1D594B5D}.Debug|Any CPU.ActiveCfg = Debug|Any CPU
		{70A71631-7D0C-4B94-84A4-F8CF1D594B5D}.Debug|Any CPU.Build.0 = Debug|Any CPU
		{70A71631-7D0C-4B94-84A4-F8CF1D594B5D}.Debug|x64.ActiveCfg = Debug|Any CPU
		{70A71631-7D0C-4B94-84A4-F8CF1D594B5D}.Debug|x64.Build.0 = Debug|Any CPU
		{70A71631-7D0C-4B94-84A4-F8CF1D594B5D}.Debug|x86.ActiveCfg = Debug|Any CPU
		{70A71631-7D0C-4B94-84A4-F8CF1D594B5D}.Debug|x86.Build.0 = Debug|Any CPU
		{70A71631-7D0C-4B94-84A4-F8CF1D594B5D}.Release|Any CPU.ActiveCfg = Release|Any CPU
		{70A71631-7D0C-4B94-84A4-F8CF1D594B5D}.Release|Any CPU.Build.0 = Release|Any CPU
		{70A71631-7D0C-4B94-84A4-F8CF1D594B5D}.Release|x64.ActiveCfg = Release|Any CPU
		{70A71631-7D0C-4B94-84A4-F8CF1D594B5D}.Release|x64.Build.0 = Release|Any CPU
		{70A71631-7D0C-4B94-84A4-F8CF1D594B5D}.Release|x86.ActiveCfg = Release|Any CPU
		{70A71631-7D0C-4B94-84A4-F8CF1D594B5D}.Release|x86.Build.0 = Release|Any CPU
		{2AE5FB66-5182-4728-BE7A-33A50AA877EF}.Debug|Any CPU.ActiveCfg = Debug|Any CPU
		{2AE5FB66-5182-4728-BE7A-33A50AA877EF}.Debug|Any CPU.Build.0 = Debug|Any CPU
		{2AE5FB66-5182-4728-BE7A-33A50AA877EF}.Debug|x64.ActiveCfg = Debug|Any CPU
		{2AE5FB66-5182-4728-BE7A-33A50AA877EF}.Debug|x64.Build.0 = Debug|Any CPU
		{2AE5FB66-5182-4728-BE7A-33A50AA877EF}.Debug|x86.ActiveCfg = Debug|Any CPU
		{2AE5FB66-5182-4728-BE7A-33A50AA877EF}.Debug|x86.Build.0 = Debug|Any CPU
		{2AE5FB66-5182-4728-BE7A-33A50AA877EF}.Release|Any CPU.ActiveCfg = Release|Any CPU
		{2AE5FB66-5182-4728-BE7A-33A50AA877EF}.Release|Any CPU.Build.0 = Release|Any CPU
		{2AE5FB66-5182-4728-BE7A-33A50AA877EF}.Release|x64.ActiveCfg = Release|Any CPU
		{2AE5FB66-5182-4728-BE7A-33A50AA877EF}.Release|x64.Build.0 = Release|Any CPU
		{2AE5FB66-5182-4728-BE7A-33A50AA877EF}.Release|x86.ActiveCfg = Release|Any CPU
		{2AE5FB66-5182-4728-BE7A-33A50AA877EF}.Release|x86.Build.0 = Release|Any CPU
		{A64EA202-8178-4338-BD8F-D4DD2CB958DF}.Debug|Any CPU.ActiveCfg = Debug|Any CPU
		{A64EA202-8178-4338-BD8F-D4DD2CB958DF}.Debug|Any CPU.Build.0 = Debug|Any CPU
		{A64EA202-8178-4338-BD8F-D4DD2CB958DF}.Debug|x64.ActiveCfg = Debug|Any CPU
		{A64EA202-8178-4338-BD8F-D4DD2CB958DF}.Debug|x64.Build.0 = Debug|Any CPU
		{A64EA202-8178-4338-BD8F-D4DD2CB958DF}.Debug|x86.ActiveCfg = Debug|Any CPU
		{A64EA202-8178-4338-BD8F-D4DD2CB958DF}.Debug|x86.Build.0 = Debug|Any CPU
		{A64EA202-8178-4338-BD8F-D4DD2CB958DF}.Release|Any CPU.ActiveCfg = Release|Any CPU
		{A64EA202-8178-4338-BD8F-D4DD2CB958DF}.Release|Any CPU.Build.0 = Release|Any CPU
		{A64EA202-8178-4338-BD8F-D4DD2CB958DF}.Release|x64.ActiveCfg = Release|Any CPU
		{A64EA202-8178-4338-BD8F-D4DD2CB958DF}.Release|x64.Build.0 = Release|Any CPU
		{A64EA202-8178-4338-BD8F-D4DD2CB958DF}.Release|x86.ActiveCfg = Release|Any CPU
		{A64EA202-8178-4338-BD8F-D4DD2CB958DF}.Release|x86.Build.0 = Release|Any CPU
		{7D33BB39-070B-4818-80B2-260D72F02A50}.Debug|Any CPU.ActiveCfg = Debug|Any CPU
		{7D33BB39-070B-4818-80B2-260D72F02A50}.Debug|Any CPU.Build.0 = Debug|Any CPU
		{7D33BB39-070B-4818-80B2-260D72F02A50}.Debug|x64.ActiveCfg = Debug|Any CPU
		{7D33BB39-070B-4818-80B2-260D72F02A50}.Debug|x64.Build.0 = Debug|Any CPU
		{7D33BB39-070B-4818-80B2-260D72F02A50}.Debug|x86.ActiveCfg = Debug|Any CPU
		{7D33BB39-070B-4818-80B2-260D72F02A50}.Debug|x86.Build.0 = Debug|Any CPU
		{7D33BB39-070B-4818-80B2-260D72F02A50}.Release|Any CPU.ActiveCfg = Release|Any CPU
		{7D33BB39-070B-4818-80B2-260D72F02A50}.Release|Any CPU.Build.0 = Release|Any CPU
		{7D33BB39-070B-4818-80B2-260D72F02A50}.Release|x64.ActiveCfg = Release|Any CPU
		{7D33BB39-070B-4818-80B2-260D72F02A50}.Release|x64.Build.0 = Release|Any CPU
		{7D33BB39-070B-4818-80B2-260D72F02A50}.Release|x86.ActiveCfg = Release|Any CPU
		{7D33BB39-070B-4818-80B2-260D72F02A50}.Release|x86.Build.0 = Release|Any CPU
		{7101A89A-94D6-4509-BA25-DC4CFB220EC2}.Debug|Any CPU.ActiveCfg = Debug|Any CPU
		{7101A89A-94D6-4509-BA25-DC4CFB220EC2}.Debug|Any CPU.Build.0 = Debug|Any CPU
		{7101A89A-94D6-4509-BA25-DC4CFB220EC2}.Debug|x64.ActiveCfg = Debug|Any CPU
		{7101A89A-94D6-4509-BA25-DC4CFB220EC2}.Debug|x64.Build.0 = Debug|Any CPU
		{7101A89A-94D6-4509-BA25-DC4CFB220EC2}.Debug|x86.ActiveCfg = Debug|Any CPU
		{7101A89A-94D6-4509-BA25-DC4CFB220EC2}.Debug|x86.Build.0 = Debug|Any CPU
		{7101A89A-94D6-4509-BA25-DC4CFB220EC2}.Release|Any CPU.ActiveCfg = Release|Any CPU
		{7101A89A-94D6-4509-BA25-DC4CFB220EC2}.Release|Any CPU.Build.0 = Release|Any CPU
		{7101A89A-94D6-4509-BA25-DC4CFB220EC2}.Release|x64.ActiveCfg = Release|Any CPU
		{7101A89A-94D6-4509-BA25-DC4CFB220EC2}.Release|x64.Build.0 = Release|Any CPU
		{7101A89A-94D6-4509-BA25-DC4CFB220EC2}.Release|x86.ActiveCfg = Release|Any CPU
		{7101A89A-94D6-4509-BA25-DC4CFB220EC2}.Release|x86.Build.0 = Release|Any CPU
		{A2C30949-A443-496E-B88F-953EA1C9F890}.Debug|Any CPU.ActiveCfg = Debug|Any CPU
		{A2C30949-A443-496E-B88F-953EA1C9F890}.Debug|Any CPU.Build.0 = Debug|Any CPU
		{A2C30949-A443-496E-B88F-953EA1C9F890}.Debug|x64.ActiveCfg = Debug|Any CPU
		{A2C30949-A443-496E-B88F-953EA1C9F890}.Debug|x64.Build.0 = Debug|Any CPU
		{A2C30949-A443-496E-B88F-953EA1C9F890}.Debug|x86.ActiveCfg = Debug|Any CPU
		{A2C30949-A443-496E-B88F-953EA1C9F890}.Debug|x86.Build.0 = Debug|Any CPU
		{A2C30949-A443-496E-B88F-953EA1C9F890}.Release|Any CPU.ActiveCfg = Release|Any CPU
		{A2C30949-A443-496E-B88F-953EA1C9F890}.Release|Any CPU.Build.0 = Release|Any CPU
		{A2C30949-A443-496E-B88F-953EA1C9F890}.Release|x64.ActiveCfg = Release|Any CPU
		{A2C30949-A443-496E-B88F-953EA1C9F890}.Release|x64.Build.0 = Release|Any CPU
		{A2C30949-A443-496E-B88F-953EA1C9F890}.Release|x86.ActiveCfg = Release|Any CPU
		{A2C30949-A443-496E-B88F-953EA1C9F890}.Release|x86.Build.0 = Release|Any CPU
		{B2BFB7E6-4ADB-441E-86E1-0AD30F326250}.Debug|Any CPU.ActiveCfg = Debug|Any CPU
		{B2BFB7E6-4ADB-441E-86E1-0AD30F326250}.Debug|Any CPU.Build.0 = Debug|Any CPU
		{B2BFB7E6-4ADB-441E-86E1-0AD30F326250}.Debug|x64.ActiveCfg = Debug|Any CPU
		{B2BFB7E6-4ADB-441E-86E1-0AD30F326250}.Debug|x64.Build.0 = Debug|Any CPU
		{B2BFB7E6-4ADB-441E-86E1-0AD30F326250}.Debug|x86.ActiveCfg = Debug|Any CPU
		{B2BFB7E6-4ADB-441E-86E1-0AD30F326250}.Debug|x86.Build.0 = Debug|Any CPU
		{B2BFB7E6-4ADB-441E-86E1-0AD30F326250}.Release|Any CPU.ActiveCfg = Release|Any CPU
		{B2BFB7E6-4ADB-441E-86E1-0AD30F326250}.Release|Any CPU.Build.0 = Release|Any CPU
		{B2BFB7E6-4ADB-441E-86E1-0AD30F326250}.Release|x64.ActiveCfg = Release|Any CPU
		{B2BFB7E6-4ADB-441E-86E1-0AD30F326250}.Release|x64.Build.0 = Release|Any CPU
		{B2BFB7E6-4ADB-441E-86E1-0AD30F326250}.Release|x86.ActiveCfg = Release|Any CPU
		{B2BFB7E6-4ADB-441E-86E1-0AD30F326250}.Release|x86.Build.0 = Release|Any CPU
		{F9CA2321-F477-4B1C-B5DB-A90365EE5C19}.Debug|Any CPU.ActiveCfg = Debug|Any CPU
		{F9CA2321-F477-4B1C-B5DB-A90365EE5C19}.Debug|Any CPU.Build.0 = Debug|Any CPU
		{F9CA2321-F477-4B1C-B5DB-A90365EE5C19}.Debug|x64.ActiveCfg = Debug|Any CPU
		{F9CA2321-F477-4B1C-B5DB-A90365EE5C19}.Debug|x64.Build.0 = Debug|Any CPU
		{F9CA2321-F477-4B1C-B5DB-A90365EE5C19}.Debug|x86.ActiveCfg = Debug|Any CPU
		{F9CA2321-F477-4B1C-B5DB-A90365EE5C19}.Debug|x86.Build.0 = Debug|Any CPU
		{F9CA2321-F477-4B1C-B5DB-A90365EE5C19}.Release|Any CPU.ActiveCfg = Release|Any CPU
		{F9CA2321-F477-4B1C-B5DB-A90365EE5C19}.Release|Any CPU.Build.0 = Release|Any CPU
		{F9CA2321-F477-4B1C-B5DB-A90365EE5C19}.Release|x64.ActiveCfg = Release|Any CPU
		{F9CA2321-F477-4B1C-B5DB-A90365EE5C19}.Release|x64.Build.0 = Release|Any CPU
		{F9CA2321-F477-4B1C-B5DB-A90365EE5C19}.Release|x86.ActiveCfg = Release|Any CPU
		{F9CA2321-F477-4B1C-B5DB-A90365EE5C19}.Release|x86.Build.0 = Release|Any CPU
	EndGlobalSection
	GlobalSection(SolutionProperties) = preSolution
		HideSolutionNode = FALSE
	EndGlobalSection
	GlobalSection(NestedProjects) = preSolution
		{27EB2F67-0434-401D-AB23-336C56A66EAC} = {E1A4E891-22ED-4AB6-B1E7-3B1CC4D5BB35}
		{1D88283C-6332-461E-8DBA-B083996FF56E} = {C57152EE-7CEB-4FD2-A26B-9B8852795752}
		{D9B79816-60E7-4C6F-AF71-55925689F61B} = {C57152EE-7CEB-4FD2-A26B-9B8852795752}
		{1DC06CE8-BD3A-4090-9DB3-B229CA56C593} = {E1A4E891-22ED-4AB6-B1E7-3B1CC4D5BB35}
		{9B43A67D-98AF-48F5-A38F-990DC0EA3472} = {E1A4E891-22ED-4AB6-B1E7-3B1CC4D5BB35}
		{4D7EA643-7730-4208-B775-AFE6F7E1C8A2} = {C57152EE-7CEB-4FD2-A26B-9B8852795752}
		{AAD1EC87-959F-49D3-B9F7-B7B2B525CC5D} = {C57152EE-7CEB-4FD2-A26B-9B8852795752}
		{14AE44AB-FAC3-478E-B9AC-BB80F7741A21} = {C57152EE-7CEB-4FD2-A26B-9B8852795752}
		{18E7FE03-6255-436F-B50E-85415ABB3880} = {E1A4E891-22ED-4AB6-B1E7-3B1CC4D5BB35}
		{98B5D0AC-7B86-439F-A097-E3E1CEFC9373} = {E1A4E891-22ED-4AB6-B1E7-3B1CC4D5BB35}
		{542BB2B8-BED3-4E82-98D1-2F3206CFE9AB} = {C57152EE-7CEB-4FD2-A26B-9B8852795752}
		{70A71631-7D0C-4B94-84A4-F8CF1D594B5D} = {E1A4E891-22ED-4AB6-B1E7-3B1CC4D5BB35}
		{2AE5FB66-5182-4728-BE7A-33A50AA877EF} = {C57152EE-7CEB-4FD2-A26B-9B8852795752}
		{A64EA202-8178-4338-BD8F-D4DD2CB958DF} = {E1A4E891-22ED-4AB6-B1E7-3B1CC4D5BB35}
		{7D33BB39-070B-4818-80B2-260D72F02A50} = {C57152EE-7CEB-4FD2-A26B-9B8852795752}
		{7101A89A-94D6-4509-BA25-DC4CFB220EC2} = {C57152EE-7CEB-4FD2-A26B-9B8852795752}
		{A2C30949-A443-496E-B88F-953EA1C9F890} = {E1A4E891-22ED-4AB6-B1E7-3B1CC4D5BB35}
		{B2BFB7E6-4ADB-441E-86E1-0AD30F326250} = {E1A4E891-22ED-4AB6-B1E7-3B1CC4D5BB35}
		{F9CA2321-F477-4B1C-B5DB-A90365EE5C19} = {C57152EE-7CEB-4FD2-A26B-9B8852795752}
	EndGlobalSection
	GlobalSection(ExtensibilityGlobals) = postSolution
		SolutionGuid = {D2AFD460-8F30-4611-A635-17D59DE0DE4B}
	EndGlobalSection
EndGlobal
