
Microsoft Visual Studio Solution File, Format Version 12.00
# Visual Studio 15
VisualStudioVersion = 15.0.26124.0
MinimumVisualStudioVersion = 15.0.26124.0
Project("{2150E333-8FDC-42A3-9474-1A3956D46DE8}") = "src", "src", "{E1A4E891-22ED-4AB6-B1E7-3B1CC4D5BB35}"
EndProject
Project("{9A19103F-16F7-4668-BE54-9A1E7A4F7556}") = "Scorpio", "src\Scorpio\Scorpio.csproj", "{27EB2F67-0434-401D-AB23-336C56A66EAC}"
EndProject
Project("{2150E333-8FDC-42A3-9474-1A3956D46DE8}") = "test", "test", "{C57152EE-7CEB-4FD2-A26B-9B8852795752}"
EndProject
Project("{9A19103F-16F7-4668-BE54-9A1E7A4F7556}") = "Scorpio.Tests", "test\Scorpio.Tests\Scorpio.Tests.csproj", "{1D88283C-6332-461E-8DBA-B083996FF56E}"
EndProject
Project("{2150E333-8FDC-42A3-9474-1A3956D46DE8}") = "Solution Items", "Solution Items", "{B1896A57-F552-433A-9ADC-056685517601}"
	ProjectSection(SolutionItems) = preProject
		.editorconfig = .editorconfig
		.gitignore = .gitignore
		appveyor.yml = appveyor.yml
		build.cake = build.cake
		build.ps1 = build.ps1
		common.props = common.props
		LICENSE = LICENSE
		README.md = README.md
		test.props = test.props
	EndProjectSection
EndProject
Project("{9A19103F-16F7-4668-BE54-9A1E7A4F7556}") = "Scorpio.TestBase", "test\Scorpio.TestBase\Scorpio.TestBase.csproj", "{D9B79816-60E7-4C6F-AF71-55925689F61B}"
EndProject
Project("{FAE04EC0-301F-11D3-BF4B-00C04F79EFBC}") = "Scorpio.Domain", "src\Scorpio.Domain\Scorpio.Domain.csproj", "{1DC06CE8-BD3A-4090-9DB3-B229CA56C593}"
EndProject
Project("{FAE04EC0-301F-11D3-BF4B-00C04F79EFBC}") = "Scorpio.Threading", "src\Scorpio.Threading\Scorpio.Threading.csproj", "{9B43A67D-98AF-48F5-A38F-990DC0EA3472}"
EndProject
Project("{FAE04EC0-301F-11D3-BF4B-00C04F79EFBC}") = "Scorpio.Domain.Tests", "test\Scorpio.Domain.Tests\Scorpio.Domain.Tests.csproj", "{4D7EA643-7730-4208-B775-AFE6F7E1C8A2}"
EndProject
Project("{FAE04EC0-301F-11D3-BF4B-00C04F79EFBC}") = "Scorpio.Threading.Tests", "test\Scorpio.Threading.Tests\Scorpio.Threading.Tests.csproj", "{AAD1EC87-959F-49D3-B9F7-B7B2B525CC5D}"
EndProject
Project("{FAE04EC0-301F-11D3-BF4B-00C04F79EFBC}") = "Scorpio.Runtime", "src\Scorpio.Runtime\Scorpio.Runtime.csproj", "{5BBC715A-6762-4ED5-BBEC-4A1A6C371891}"
EndProject
Project("{FAE04EC0-301F-11D3-BF4B-00C04F79EFBC}") = "Scorpio.Runtime.Tests", "test\Scorpio.Runtime.Tests\Scorpio.Runtime.Tests.csproj", "{77B31DB8-292C-4B03-9426-15920DBDD3BA}"
EndProject
Global
	GlobalSection(SolutionConfigurationPlatforms) = preSolution
		Debug|Any CPU = Debug|Any CPU
		Debug|x64 = Debug|x64
		Debug|x86 = Debug|x86
		Release|Any CPU = Release|Any CPU
		Release|x64 = Release|x64
		Release|x86 = Release|x86
	EndGlobalSection
	GlobalSection(ProjectConfigurationPlatforms) = postSolution
		{27EB2F67-0434-401D-AB23-336C56A66EAC}.Debug|Any CPU.ActiveCfg = Debug|Any CPU
		{27EB2F67-0434-401D-AB23-336C56A66EAC}.Debug|Any CPU.Build.0 = Debug|Any CPU
		{27EB2F67-0434-401D-AB23-336C56A66EAC}.Debug|x64.ActiveCfg = Debug|Any CPU
		{27EB2F67-0434-401D-AB23-336C56A66EAC}.Debug|x64.Build.0 = Debug|Any CPU
		{27EB2F67-0434-401D-AB23-336C56A66EAC}.Debug|x86.ActiveCfg = Debug|Any CPU
		{27EB2F67-0434-401D-AB23-336C56A66EAC}.Debug|x86.Build.0 = Debug|Any CPU
		{27EB2F67-0434-401D-AB23-336C56A66EAC}.Release|Any CPU.ActiveCfg = Release|Any CPU
		{27EB2F67-0434-401D-AB23-336C56A66EAC}.Release|Any CPU.Build.0 = Release|Any CPU
		{27EB2F67-0434-401D-AB23-336C56A66EAC}.Release|x64.ActiveCfg = Release|Any CPU
		{27EB2F67-0434-401D-AB23-336C56A66EAC}.Release|x64.Build.0 = Release|Any CPU
		{27EB2F67-0434-401D-AB23-336C56A66EAC}.Release|x86.ActiveCfg = Release|Any CPU
		{27EB2F67-0434-401D-AB23-336C56A66EAC}.Release|x86.Build.0 = Release|Any CPU
		{1D88283C-6332-461E-8DBA-B083996FF56E}.Debug|Any CPU.ActiveCfg = Debug|Any CPU
		{1D88283C-6332-461E-8DBA-B083996FF56E}.Debug|Any CPU.Build.0 = Debug|Any CPU
		{1D88283C-6332-461E-8DBA-B083996FF56E}.Debug|x64.ActiveCfg = Debug|Any CPU
		{1D88283C-6332-461E-8DBA-B083996FF56E}.Debug|x64.Build.0 = Debug|Any CPU
		{1D88283C-6332-461E-8DBA-B083996FF56E}.Debug|x86.ActiveCfg = Debug|Any CPU
		{1D88283C-6332-461E-8DBA-B083996FF56E}.Debug|x86.Build.0 = Debug|Any CPU
		{1D88283C-6332-461E-8DBA-B083996FF56E}.Release|Any CPU.ActiveCfg = Release|Any CPU
		{1D88283C-6332-461E-8DBA-B083996FF56E}.Release|Any CPU.Build.0 = Release|Any CPU
		{1D88283C-6332-461E-8DBA-B083996FF56E}.Release|x64.ActiveCfg = Release|Any CPU
		{1D88283C-6332-461E-8DBA-B083996FF56E}.Release|x64.Build.0 = Release|Any CPU
		{1D88283C-6332-461E-8DBA-B083996FF56E}.Release|x86.ActiveCfg = Release|Any CPU
		{1D88283C-6332-461E-8DBA-B083996FF56E}.Release|x86.Build.0 = Release|Any CPU
		{D9B79816-60E7-4C6F-AF71-55925689F61B}.Debug|Any CPU.ActiveCfg = Debug|Any CPU
		{D9B79816-60E7-4C6F-AF71-55925689F61B}.Debug|Any CPU.Build.0 = Debug|Any CPU
		{D9B79816-60E7-4C6F-AF71-55925689F61B}.Debug|x64.ActiveCfg = Debug|Any CPU
		{D9B79816-60E7-4C6F-AF71-55925689F61B}.Debug|x64.Build.0 = Debug|Any CPU
		{D9B79816-60E7-4C6F-AF71-55925689F61B}.Debug|x86.ActiveCfg = Debug|Any CPU
		{D9B79816-60E7-4C6F-AF71-55925689F61B}.Debug|x86.Build.0 = Debug|Any CPU
		{D9B79816-60E7-4C6F-AF71-55925689F61B}.Release|Any CPU.ActiveCfg = Release|Any CPU
		{D9B79816-60E7-4C6F-AF71-55925689F61B}.Release|Any CPU.Build.0 = Release|Any CPU
		{D9B79816-60E7-4C6F-AF71-55925689F61B}.Release|x64.ActiveCfg = Release|Any CPU
		{D9B79816-60E7-4C6F-AF71-55925689F61B}.Release|x64.Build.0 = Release|Any CPU
		{D9B79816-60E7-4C6F-AF71-55925689F61B}.Release|x86.ActiveCfg = Release|Any CPU
		{D9B79816-60E7-4C6F-AF71-55925689F61B}.Release|x86.Build.0 = Release|Any CPU
		{1DC06CE8-BD3A-4090-9DB3-B229CA56C593}.Debug|Any CPU.ActiveCfg = Debug|Any CPU
		{1DC06CE8-BD3A-4090-9DB3-B229CA56C593}.Debug|Any CPU.Build.0 = Debug|Any CPU
		{1DC06CE8-BD3A-4090-9DB3-B229CA56C593}.Debug|x64.ActiveCfg = Debug|Any CPU
		{1DC06CE8-BD3A-4090-9DB3-B229CA56C593}.Debug|x64.Build.0 = Debug|Any CPU
		{1DC06CE8-BD3A-4090-9DB3-B229CA56C593}.Debug|x86.ActiveCfg = Debug|Any CPU
		{1DC06CE8-BD3A-4090-9DB3-B229CA56C593}.Debug|x86.Build.0 = Debug|Any CPU
		{1DC06CE8-BD3A-4090-9DB3-B229CA56C593}.Release|Any CPU.ActiveCfg = Release|Any CPU
		{1DC06CE8-BD3A-4090-9DB3-B229CA56C593}.Release|Any CPU.Build.0 = Release|Any CPU
		{1DC06CE8-BD3A-4090-9DB3-B229CA56C593}.Release|x64.ActiveCfg = Release|Any CPU
		{1DC06CE8-BD3A-4090-9DB3-B229CA56C593}.Release|x64.Build.0 = Release|Any CPU
		{1DC06CE8-BD3A-4090-9DB3-B229CA56C593}.Release|x86.ActiveCfg = Release|Any CPU
		{1DC06CE8-BD3A-4090-9DB3-B229CA56C593}.Release|x86.Build.0 = Release|Any CPU
		{9B43A67D-98AF-48F5-A38F-990DC0EA3472}.Debug|Any CPU.ActiveCfg = Debug|Any CPU
		{9B43A67D-98AF-48F5-A38F-990DC0EA3472}.Debug|Any CPU.Build.0 = Debug|Any CPU
		{9B43A67D-98AF-48F5-A38F-990DC0EA3472}.Debug|x64.ActiveCfg = Debug|Any CPU
		{9B43A67D-98AF-48F5-A38F-990DC0EA3472}.Debug|x64.Build.0 = Debug|Any CPU
		{9B43A67D-98AF-48F5-A38F-990DC0EA3472}.Debug|x86.ActiveCfg = Debug|Any CPU
		{9B43A67D-98AF-48F5-A38F-990DC0EA3472}.Debug|x86.Build.0 = Debug|Any CPU
		{9B43A67D-98AF-48F5-A38F-990DC0EA3472}.Release|Any CPU.ActiveCfg = Release|Any CPU
		{9B43A67D-98AF-48F5-A38F-990DC0EA3472}.Release|Any CPU.Build.0 = Release|Any CPU
		{9B43A67D-98AF-48F5-A38F-990DC0EA3472}.Release|x64.ActiveCfg = Release|Any CPU
		{9B43A67D-98AF-48F5-A38F-990DC0EA3472}.Release|x64.Build.0 = Release|Any CPU
		{9B43A67D-98AF-48F5-A38F-990DC0EA3472}.Release|x86.ActiveCfg = Release|Any CPU
		{9B43A67D-98AF-48F5-A38F-990DC0EA3472}.Release|x86.Build.0 = Release|Any CPU
		{4D7EA643-7730-4208-B775-AFE6F7E1C8A2}.Debug|Any CPU.ActiveCfg = Debug|Any CPU
		{4D7EA643-7730-4208-B775-AFE6F7E1C8A2}.Debug|Any CPU.Build.0 = Debug|Any CPU
		{4D7EA643-7730-4208-B775-AFE6F7E1C8A2}.Debug|x64.ActiveCfg = Debug|Any CPU
		{4D7EA643-7730-4208-B775-AFE6F7E1C8A2}.Debug|x64.Build.0 = Debug|Any CPU
		{4D7EA643-7730-4208-B775-AFE6F7E1C8A2}.Debug|x86.ActiveCfg = Debug|Any CPU
		{4D7EA643-7730-4208-B775-AFE6F7E1C8A2}.Debug|x86.Build.0 = Debug|Any CPU
		{4D7EA643-7730-4208-B775-AFE6F7E1C8A2}.Release|Any CPU.ActiveCfg = Release|Any CPU
		{4D7EA643-7730-4208-B775-AFE6F7E1C8A2}.Release|Any CPU.Build.0 = Release|Any CPU
		{4D7EA643-7730-4208-B775-AFE6F7E1C8A2}.Release|x64.ActiveCfg = Release|Any CPU
		{4D7EA643-7730-4208-B775-AFE6F7E1C8A2}.Release|x64.Build.0 = Release|Any CPU
		{4D7EA643-7730-4208-B775-AFE6F7E1C8A2}.Release|x86.ActiveCfg = Release|Any CPU
		{4D7EA643-7730-4208-B775-AFE6F7E1C8A2}.Release|x86.Build.0 = Release|Any CPU
		{AAD1EC87-959F-49D3-B9F7-B7B2B525CC5D}.Debug|Any CPU.ActiveCfg = Debug|Any CPU
		{AAD1EC87-959F-49D3-B9F7-B7B2B525CC5D}.Debug|Any CPU.Build.0 = Debug|Any CPU
		{AAD1EC87-959F-49D3-B9F7-B7B2B525CC5D}.Debug|x64.ActiveCfg = Debug|Any CPU
		{AAD1EC87-959F-49D3-B9F7-B7B2B525CC5D}.Debug|x64.Build.0 = Debug|Any CPU
		{AAD1EC87-959F-49D3-B9F7-B7B2B525CC5D}.Debug|x86.ActiveCfg = Debug|Any CPU
		{AAD1EC87-959F-49D3-B9F7-B7B2B525CC5D}.Debug|x86.Build.0 = Debug|Any CPU
		{AAD1EC87-959F-49D3-B9F7-B7B2B525CC5D}.Release|Any CPU.ActiveCfg = Release|Any CPU
		{AAD1EC87-959F-49D3-B9F7-B7B2B525CC5D}.Release|Any CPU.Build.0 = Release|Any CPU
		{AAD1EC87-959F-49D3-B9F7-B7B2B525CC5D}.Release|x64.ActiveCfg = Release|Any CPU
		{AAD1EC87-959F-49D3-B9F7-B7B2B525CC5D}.Release|x64.Build.0 = Release|Any CPU
		{AAD1EC87-959F-49D3-B9F7-B7B2B525CC5D}.Release|x86.ActiveCfg = Release|Any CPU
		{AAD1EC87-959F-49D3-B9F7-B7B2B525CC5D}.Release|x86.Build.0 = Release|Any CPU
		{5BBC715A-6762-4ED5-BBEC-4A1A6C371891}.Debug|Any CPU.ActiveCfg = Debug|Any CPU
		{5BBC715A-6762-4ED5-BBEC-4A1A6C371891}.Debug|Any CPU.Build.0 = Debug|Any CPU
		{5BBC715A-6762-4ED5-BBEC-4A1A6C371891}.Debug|x64.ActiveCfg = Debug|Any CPU
		{5BBC715A-6762-4ED5-BBEC-4A1A6C371891}.Debug|x64.Build.0 = Debug|Any CPU
		{5BBC715A-6762-4ED5-BBEC-4A1A6C371891}.Debug|x86.ActiveCfg = Debug|Any CPU
		{5BBC715A-6762-4ED5-BBEC-4A1A6C371891}.Debug|x86.Build.0 = Debug|Any CPU
		{5BBC715A-6762-4ED5-BBEC-4A1A6C371891}.Release|Any CPU.ActiveCfg = Release|Any CPU
		{5BBC715A-6762-4ED5-BBEC-4A1A6C371891}.Release|Any CPU.Build.0 = Release|Any CPU
		{5BBC715A-6762-4ED5-BBEC-4A1A6C371891}.Release|x64.ActiveCfg = Release|Any CPU
		{5BBC715A-6762-4ED5-BBEC-4A1A6C371891}.Release|x64.Build.0 = Release|Any CPU
		{5BBC715A-6762-4ED5-BBEC-4A1A6C371891}.Release|x86.ActiveCfg = Release|Any CPU
		{5BBC715A-6762-4ED5-BBEC-4A1A6C371891}.Release|x86.Build.0 = Release|Any CPU
		{77B31DB8-292C-4B03-9426-15920DBDD3BA}.Debug|Any CPU.ActiveCfg = Debug|Any CPU
		{77B31DB8-292C-4B03-9426-15920DBDD3BA}.Debug|Any CPU.Build.0 = Debug|Any CPU
		{77B31DB8-292C-4B03-9426-15920DBDD3BA}.Debug|x64.ActiveCfg = Debug|Any CPU
		{77B31DB8-292C-4B03-9426-15920DBDD3BA}.Debug|x64.Build.0 = Debug|Any CPU
		{77B31DB8-292C-4B03-9426-15920DBDD3BA}.Debug|x86.ActiveCfg = Debug|Any CPU
		{77B31DB8-292C-4B03-9426-15920DBDD3BA}.Debug|x86.Build.0 = Debug|Any CPU
		{77B31DB8-292C-4B03-9426-15920DBDD3BA}.Release|Any CPU.ActiveCfg = Release|Any CPU
		{77B31DB8-292C-4B03-9426-15920DBDD3BA}.Release|Any CPU.Build.0 = Release|Any CPU
		{77B31DB8-292C-4B03-9426-15920DBDD3BA}.Release|x64.ActiveCfg = Release|Any CPU
		{77B31DB8-292C-4B03-9426-15920DBDD3BA}.Release|x64.Build.0 = Release|Any CPU
		{77B31DB8-292C-4B03-9426-15920DBDD3BA}.Release|x86.ActiveCfg = Release|Any CPU
		{77B31DB8-292C-4B03-9426-15920DBDD3BA}.Release|x86.Build.0 = Release|Any CPU
	EndGlobalSection
	GlobalSection(SolutionProperties) = preSolution
		HideSolutionNode = FALSE
	EndGlobalSection
	GlobalSection(NestedProjects) = preSolution
		{27EB2F67-0434-401D-AB23-336C56A66EAC} = {E1A4E891-22ED-4AB6-B1E7-3B1CC4D5BB35}
		{1D88283C-6332-461E-8DBA-B083996FF56E} = {C57152EE-7CEB-4FD2-A26B-9B8852795752}
		{D9B79816-60E7-4C6F-AF71-55925689F61B} = {C57152EE-7CEB-4FD2-A26B-9B8852795752}
		{1DC06CE8-BD3A-4090-9DB3-B229CA56C593} = {E1A4E891-22ED-4AB6-B1E7-3B1CC4D5BB35}
		{9B43A67D-98AF-48F5-A38F-990DC0EA3472} = {E1A4E891-22ED-4AB6-B1E7-3B1CC4D5BB35}
		{4D7EA643-7730-4208-B775-AFE6F7E1C8A2} = {C57152EE-7CEB-4FD2-A26B-9B8852795752}
		{AAD1EC87-959F-49D3-B9F7-B7B2B525CC5D} = {C57152EE-7CEB-4FD2-A26B-9B8852795752}
		{5BBC715A-6762-4ED5-BBEC-4A1A6C371891} = {E1A4E891-22ED-4AB6-B1E7-3B1CC4D5BB35}
		{77B31DB8-292C-4B03-9426-15920DBDD3BA} = {C57152EE-7CEB-4FD2-A26B-9B8852795752}
	EndGlobalSection
	GlobalSection(ExtensibilityGlobals) = postSolution
		SolutionGuid = {D2AFD460-8F30-4611-A635-17D59DE0DE4B}
	EndGlobalSection
EndGlobal
